
Microsoft Visual Studio Solution File, Format Version 12.00
# Visual Studio 15
VisualStudioVersion = 15.0.27130.2024
MinimumVisualStudioVersion = 10.0.40219.1
Project("{8BC9CEB8-8B4A-11D0-8D11-00A0C91BC942}") = "property", "property\property.vcxproj", "{26553CCB-6522-42AB-AE06-356EAFCED11F}"
EndProject
Project("{8BC9CEB8-8B4A-11D0-8D11-00A0C91BC942}") = "property_tests", "property\property_tests.vcxproj", "{1FB6F0EC-D203-4F07-AECA-8F4C174CD1BC}"
EndProject
Project("{8BC9CEB8-8B4A-11D0-8D11-00A0C91BC942}") = "mvvm", "mvvm\mvvm.vcxproj", "{FEC03570-CB02-4DAC-8D9F-55A42DDE90E2}"
EndProject
Project("{8BC9CEB8-8B4A-11D0-8D11-00A0C91BC942}") = "mvvm_tests", "mvvm\mvvm_tests.vcxproj", "{E5B97DF8-30D7-4B81-A043-29F4DC2713F4}"
EndProject
Project("{8BC9CEB8-8B4A-11D0-8D11-00A0C91BC942}") = "signals", "signals\signals.vcxproj", "{99DA5C28-BFE0-4F04-86FD-CEA6A66BAE6C}"
EndProject
Project("{8BC9CEB8-8B4A-11D0-8D11-00A0C91BC942}") = "signals_tests", "signals\signals_tests.vcxproj", "{3B7E3A04-6EF7-4D77-B650-6776B813939B}"
EndProject
Project("{8BC9CEB8-8B4A-11D0-8D11-00A0C91BC942}") = "boost_property", "boost_property\boost_property.vcxproj", "{73046F89-903D-413D-92B3-EF88D64097F6}"
EndProject
Project("{8BC9CEB8-8B4A-11D0-8D11-00A0C91BC942}") = "boost_property_tests", "boost_property\boost_property_tests.vcxproj", "{F7CFC27F-4576-4879-BA49-9A895EDC319A}"
EndProject
Project("{8BC9CEB8-8B4A-11D0-8D11-00A0C91BC942}") = "boost_mvvm", "boost_mvvm\boost_mvvm.vcxproj", "{AAFC5379-94AF-4B21-A4A9-7A867F5A07D9}"
EndProject
Project("{8BC9CEB8-8B4A-11D0-8D11-00A0C91BC942}") = "boost_mvvm_tests", "boost_mvvm\boost_mvvm_tests.vcxproj", "{3D6E880C-944A-4EBF-9072-861E84C02D5A}"
EndProject
Project("{8BC9CEB8-8B4A-11D0-8D11-00A0C91BC942}") = "config", "config\config.vcxproj", "{CA1E677D-34E7-4AE9-82CA-8158F0ED5265}"
EndProject
Project("{8BC9CEB8-8B4A-11D0-8D11-00A0C91BC942}") = "config_tests", "config\config_tests.vcxproj", "{D0B22A17-CDB9-49A2-A5B1-BEA083ED1E24}"
EndProject
Project("{8BC9CEB8-8B4A-11D0-8D11-00A0C91BC942}") = "mvvm_mfc_example_1", "mvvm\mvvm_mfc_example_1.vcxproj", "{0716CE9B-0DF8-49E6-8C9D-C3434B3186DB}"
EndProject
Project("{8BC9CEB8-8B4A-11D0-8D11-00A0C91BC942}") = "mvvm_mfc_example_2", "mvvm\mvvm_mfc_example_2.vcxproj", "{BE3A7CB2-2AE2-4B9B-B031-184F5086558F}"
EndProject
Project("{8BC9CEB8-8B4A-11D0-8D11-00A0C91BC942}") = "boost_mvvm_mfc_example_1", "boost_mvvm\boost_mvvm_mfc_example_1.vcxproj", "{8403138C-4BFD-4466-B407-DA6217DC2568}"
EndProject
Project("{8BC9CEB8-8B4A-11D0-8D11-00A0C91BC942}") = "boost_mvvm_mfc_example_2", "boost_mvvm\boost_mvvm_mfc_example_2.vcxproj", "{D52F0F80-2762-4EC0-BB9F-F4EA3E3D6912}"
EndProject
Project("{8BC9CEB8-8B4A-11D0-8D11-00A0C91BC942}") = "mvvm_mfc_example_3", "mvvm\mvvm_mfc_example_3.vcxproj", "{3AEBBF03-54FD-4BC8-8A39-55D041C00AF4}"
EndProject
Project("{8BC9CEB8-8B4A-11D0-8D11-00A0C91BC942}") = "utility", "utility\utility.vcxproj", "{3C10061B-82B1-47E2-AFDE-F293BCB364B4}"
EndProject
Project("{8BC9CEB8-8B4A-11D0-8D11-00A0C91BC942}") = "utility_tests", "utility\utility_tests.vcxproj", "{40ADD9BF-37DD-4FEF-B1B3-6CC7AC44480E}"
EndProject
Project("{8BC9CEB8-8B4A-11D0-8D11-00A0C91BC942}") = "boost_mvvm_mfc_example_3", "boost_mvvm\boost_mvvm_mfc_example_3.vcxproj", "{C4DCE310-256B-4DCD-A024-1A2D347D99BF}"
EndProject
Project("{8BC9CEB8-8B4A-11D0-8D11-00A0C91BC942}") = "boost_signals", "boost_signals\boost_signals.vcxproj", "{A816E015-D181-4FA7-B2FC-EB1CC2E4DF2E}"
EndProject
Project("{8BC9CEB8-8B4A-11D0-8D11-00A0C91BC942}") = "boost_utility", "boost_utility\boost_utility.vcxproj", "{EF398B6B-2025-411F-9479-5FB666A7A245}"
EndProject
Project("{8BC9CEB8-8B4A-11D0-8D11-00A0C91BC942}") = "go_libs", "go_libs\go_libs.vcxproj", "{9AB76A50-100E-464C-865F-1048072CC5E2}"
EndProject
Project("{8BC9CEB8-8B4A-11D0-8D11-00A0C91BC942}") = "boost_config", "boost_config\boost_config.vcxproj", "{FABAD94E-A2BD-42ED-BABF-B630ADF8CA99}"
EndProject
Project("{8BC9CEB8-8B4A-11D0-8D11-00A0C91BC942}") = "boost_exception", "boost_exception\boost_exception.vcxproj", "{B6DB2899-5BDA-4ABE-A2B9-C664376B8004}"
EndProject
Project("{8BC9CEB8-8B4A-11D0-8D11-00A0C91BC942}") = "exception", "exception\exception.vcxproj", "{CC49C15B-9830-497E-B151-04CCEA0EDE79}"
EndProject
Project("{8BC9CEB8-8B4A-11D0-8D11-00A0C91BC942}") = "boost_utility_tests", "boost_utility\boost_utility_tests.vcxproj", "{D14B0B9F-8E8E-4230-9051-C4310769F632}"
EndProject
Project("{8BC9CEB8-8B4A-11D0-8D11-00A0C91BC942}") = "std_value_property_example", "std_value_property_example\std_value_property_example.vcxproj", "{5BFF6B8F-FB28-4774-8B35-D5AC2EFAB362}"
EndProject
Project("{8BC9CEB8-8B4A-11D0-8D11-00A0C91BC942}") = "std_proxy_property_example", "std_proxy_property_example\std_proxy_property_example.vcxproj", "{1FF990DF-6A9E-4B1E-B0F0-63FF21A1B034}"
EndProject
Project("{8BC9CEB8-8B4A-11D0-8D11-00A0C91BC942}") = "std_reference_property_example", "std_reference_property_example\std_reference_property_example.vcxproj", "{B6709B3B-0B7D-4364-99E9-99C30937290E}"
EndProject
Project("{8BC9CEB8-8B4A-11D0-8D11-00A0C91BC942}") = "std_signals_example", "std_signals_example\std_signals_example.vcxproj", "{7D60F023-4A1A-4129-BABF-EA5682302406}"
EndProject
Project("{8BC9CEB8-8B4A-11D0-8D11-00A0C91BC942}") = "std_event_manager_example", "std_event_manager_example\std_event_manager_example.vcxproj", "{382537C5-FFFF-45C0-B31D-9D9E165343B9}"
EndProject
Project("{8BC9CEB8-8B4A-11D0-8D11-00A0C91BC942}") = "boost_event_manager_example", "boost_event_manager_example\boost_event_manager_example.vcxproj", "{1A75E591-CEEC-42FF-BCB5-376F8765CD29}"
EndProject
Project("{8BC9CEB8-8B4A-11D0-8D11-00A0C91BC942}") = "boost_proxy_property_example", "boost_proxy_property_example\boost_proxy_property_example.vcxproj", "{6750C75C-FB63-4F82-A0E1-751EB7BBA743}"
EndProject
Project("{8BC9CEB8-8B4A-11D0-8D11-00A0C91BC942}") = "boost_reference_property_example", "boost_reference_property_example\boost_reference_property_example.vcxproj", "{3FAA5A2A-7C7A-4704-966F-990B03295D35}"
EndProject
Project("{8BC9CEB8-8B4A-11D0-8D11-00A0C91BC942}") = "boost_signals_example", "boost_signals_example\boost_signals_example.vcxproj", "{5AA34BE7-ACF5-4BCE-B252-34243E427C13}"
EndProject
Project("{8BC9CEB8-8B4A-11D0-8D11-00A0C91BC942}") = "boost_value_property_example", "boost_value_property_example\boost_value_property_example.vcxproj", "{599DE86A-15E0-4715-9B46-FAC84B541C4A}"
EndProject
Project("{2150E333-8FDC-42A3-9474-1A3956D46DE8}") = "boost", "boost", "{330E9A6B-0EBA-4902-B9B6-67C0A33AF2C7}"
EndProject
Project("{2150E333-8FDC-42A3-9474-1A3956D46DE8}") = "std", "std", "{C7C40CB5-D9A5-4184-A1A5-39B0C3A7F1A5}"
EndProject
Project("{2150E333-8FDC-42A3-9474-1A3956D46DE8}") = "libs", "libs", "{50CCD438-42C4-4A77-AE86-851340047741}"
EndProject
Project("{2150E333-8FDC-42A3-9474-1A3956D46DE8}") = "libs", "libs", "{74F49F20-F733-4E7D-8088-24D519306C6F}"
EndProject
Project("{2150E333-8FDC-42A3-9474-1A3956D46DE8}") = "examples", "examples", "{DCA714AF-BA31-426C-9924-5950C23EEF9B}"
EndProject
Project("{2150E333-8FDC-42A3-9474-1A3956D46DE8}") = "examples", "examples", "{04DAA2E1-F5BC-49C6-811B-E295FF683261}"
EndProject
Project("{2150E333-8FDC-42A3-9474-1A3956D46DE8}") = "tests", "tests", "{60DF1746-E866-4178-8FE1-CC39C66E8D57}"
EndProject
Project("{2150E333-8FDC-42A3-9474-1A3956D46DE8}") = "tests", "tests", "{E2D5652A-FF4C-4301-B3BF-73C8EC650F8C}"
EndProject
Project("{8BC9CEB8-8B4A-11D0-8D11-00A0C91BC942}") = "exception_tests", "exception\exception_tests.vcxproj", "{F427A655-42DF-48CD-A6A4-DC79440773CA}"
EndProject
Project("{8BC9CEB8-8B4A-11D0-8D11-00A0C91BC942}") = "boost_config_tests", "boost_config\boost_config_tests.vcxproj", "{3C75FE42-A051-4999-98BB-929F0D96DB7F}"
EndProject
Project("{8BC9CEB8-8B4A-11D0-8D11-00A0C91BC942}") = "boost_exception_tests", "boost_exception\boost_exception_tests.vcxproj", "{4CA19070-D48B-4FB0-AF06-9BF24C5223FB}"
EndProject
Project("{8BC9CEB8-8B4A-11D0-8D11-00A0C91BC942}") = "std_scope_guard_example", "std_scope_guard_example\std_scope_guard_example.vcxproj", "{01506A19-EBA7-4C86-BEE6-DFD99F0FFC08}"
EndProject
Project("{8BC9CEB8-8B4A-11D0-8D11-00A0C91BC942}") = "std_scope_guard_new_example", "std_scope_guard_new_example\std_scope_guard_new_example.vcxproj", "{6DAD83A4-E298-401B-9AA8-1C872324C753}"
EndProject
Project("{8BC9CEB8-8B4A-11D0-8D11-00A0C91BC942}") = "boost_scope_guard_example", "boost_scope_guard_example\boost_scope_guard_example.vcxproj", "{81B82430-C554-4502-BD69-F05B7F07B964}"
EndProject
Project("{8BC9CEB8-8B4A-11D0-8D11-00A0C91BC942}") = "boost_scope_guard_new_example", "boost_scope_guard_new_example\boost_scope_guard_new_example.vcxproj", "{BFC8189B-3D22-41E3-8D4D-47DAE8E023D8}"
EndProject
Project("{8BC9CEB8-8B4A-11D0-8D11-00A0C91BC942}") = "boost_value_guard_example", "boost_value_guard_example\boost_value_guard_example.vcxproj", "{FFA50385-06A7-4259-84E5-CB58A1895312}"
EndProject
Project("{8BC9CEB8-8B4A-11D0-8D11-00A0C91BC942}") = "std_value_guard_example", "std_value_guard_example\std_value_guard_example.vcxproj", "{E8E891F0-7CEF-4107-8681-5820FE999043}"
EndProject
Project("{8BC9CEB8-8B4A-11D0-8D11-00A0C91BC942}") = "std_primitive_type_implicit_specializer_example", "std_primitive_type_implicit_specializer_example\std_primitive_type_implicit_specializer_example.vcxproj", "{42192EE5-DD04-49D6-90BA-E079D7F3BFE4}"
EndProject
Project("{8BC9CEB8-8B4A-11D0-8D11-00A0C91BC942}") = "std_primitive_type_specializer_example", "std_primitive_type_specializer_example\std_primitive_type_specializer_example.vcxproj", "{CE3A210A-1DF6-4B48-B9C5-E428180DB21A}"
EndProject
Project("{8BC9CEB8-8B4A-11D0-8D11-00A0C91BC942}") = "boost_primitive_type_implicit_specializer_example", "boost_primitive_type_implicit_specializer_example\boost_primitive_type_implicit_specializer_example.vcxproj", "{D3FABBBA-0FF9-4533-A0B0-CB84CB2C8DEB}"
EndProject
Project("{8BC9CEB8-8B4A-11D0-8D11-00A0C91BC942}") = "boost_primitive_type_specializer_example", "boost_primitive_type_specializer_example\boost_primitive_type_specializer_example.vcxproj", "{2FA32641-7231-40D1-979B-32AA4B769223}"
EndProject
Project("{8BC9CEB8-8B4A-11D0-8D11-00A0C91BC942}") = "std_string_cast_example", "std_string_cast_example\std_string_cast_example.vcxproj", "{817A6AE3-2A74-4DD8-8C4D-BE92C1186E0C}"
EndProject
Project("{8BC9CEB8-8B4A-11D0-8D11-00A0C91BC942}") = "boost_string_cast_example", "boost_string_cast_example\boost_string_cast_example.vcxproj", "{BCEBCFE5-019B-4AF8-AE18-8709412728A4}"
EndProject
Global
	GlobalSection(SolutionConfigurationPlatforms) = preSolution
		Debug|Win32 = Debug|Win32
		Debug|x64 = Debug|x64
		Release|Win32 = Release|Win32
		Release|x64 = Release|x64
	EndGlobalSection
	GlobalSection(ProjectConfigurationPlatforms) = postSolution
		{26553CCB-6522-42AB-AE06-356EAFCED11F}.Debug|Win32.ActiveCfg = Debug|Win32
		{26553CCB-6522-42AB-AE06-356EAFCED11F}.Debug|Win32.Build.0 = Debug|Win32
		{26553CCB-6522-42AB-AE06-356EAFCED11F}.Debug|x64.ActiveCfg = Debug|x64
		{26553CCB-6522-42AB-AE06-356EAFCED11F}.Debug|x64.Build.0 = Debug|x64
		{26553CCB-6522-42AB-AE06-356EAFCED11F}.Release|Win32.ActiveCfg = Release|Win32
		{26553CCB-6522-42AB-AE06-356EAFCED11F}.Release|Win32.Build.0 = Release|Win32
		{26553CCB-6522-42AB-AE06-356EAFCED11F}.Release|x64.ActiveCfg = Release|x64
		{26553CCB-6522-42AB-AE06-356EAFCED11F}.Release|x64.Build.0 = Release|x64
		{1FB6F0EC-D203-4F07-AECA-8F4C174CD1BC}.Debug|Win32.ActiveCfg = Debug|Win32
		{1FB6F0EC-D203-4F07-AECA-8F4C174CD1BC}.Debug|Win32.Build.0 = Debug|Win32
		{1FB6F0EC-D203-4F07-AECA-8F4C174CD1BC}.Debug|x64.ActiveCfg = Debug|x64
		{1FB6F0EC-D203-4F07-AECA-8F4C174CD1BC}.Debug|x64.Build.0 = Debug|x64
		{1FB6F0EC-D203-4F07-AECA-8F4C174CD1BC}.Release|Win32.ActiveCfg = Release|Win32
		{1FB6F0EC-D203-4F07-AECA-8F4C174CD1BC}.Release|Win32.Build.0 = Release|Win32
		{1FB6F0EC-D203-4F07-AECA-8F4C174CD1BC}.Release|x64.ActiveCfg = Release|x64
		{1FB6F0EC-D203-4F07-AECA-8F4C174CD1BC}.Release|x64.Build.0 = Release|x64
		{FEC03570-CB02-4DAC-8D9F-55A42DDE90E2}.Debug|Win32.ActiveCfg = Debug|Win32
		{FEC03570-CB02-4DAC-8D9F-55A42DDE90E2}.Debug|Win32.Build.0 = Debug|Win32
		{FEC03570-CB02-4DAC-8D9F-55A42DDE90E2}.Debug|x64.ActiveCfg = Debug|x64
		{FEC03570-CB02-4DAC-8D9F-55A42DDE90E2}.Debug|x64.Build.0 = Debug|x64
		{FEC03570-CB02-4DAC-8D9F-55A42DDE90E2}.Release|Win32.ActiveCfg = Release|Win32
		{FEC03570-CB02-4DAC-8D9F-55A42DDE90E2}.Release|Win32.Build.0 = Release|Win32
		{FEC03570-CB02-4DAC-8D9F-55A42DDE90E2}.Release|x64.ActiveCfg = Release|x64
		{FEC03570-CB02-4DAC-8D9F-55A42DDE90E2}.Release|x64.Build.0 = Release|x64
		{E5B97DF8-30D7-4B81-A043-29F4DC2713F4}.Debug|Win32.ActiveCfg = Debug|Win32
		{E5B97DF8-30D7-4B81-A043-29F4DC2713F4}.Debug|Win32.Build.0 = Debug|Win32
		{E5B97DF8-30D7-4B81-A043-29F4DC2713F4}.Debug|x64.ActiveCfg = Debug|x64
		{E5B97DF8-30D7-4B81-A043-29F4DC2713F4}.Debug|x64.Build.0 = Debug|x64
		{E5B97DF8-30D7-4B81-A043-29F4DC2713F4}.Release|Win32.ActiveCfg = Release|Win32
		{E5B97DF8-30D7-4B81-A043-29F4DC2713F4}.Release|Win32.Build.0 = Release|Win32
		{E5B97DF8-30D7-4B81-A043-29F4DC2713F4}.Release|x64.ActiveCfg = Release|x64
		{E5B97DF8-30D7-4B81-A043-29F4DC2713F4}.Release|x64.Build.0 = Release|x64
		{99DA5C28-BFE0-4F04-86FD-CEA6A66BAE6C}.Debug|Win32.ActiveCfg = Debug|Win32
		{99DA5C28-BFE0-4F04-86FD-CEA6A66BAE6C}.Debug|Win32.Build.0 = Debug|Win32
		{99DA5C28-BFE0-4F04-86FD-CEA6A66BAE6C}.Debug|x64.ActiveCfg = Debug|x64
		{99DA5C28-BFE0-4F04-86FD-CEA6A66BAE6C}.Debug|x64.Build.0 = Debug|x64
		{99DA5C28-BFE0-4F04-86FD-CEA6A66BAE6C}.Release|Win32.ActiveCfg = Release|Win32
		{99DA5C28-BFE0-4F04-86FD-CEA6A66BAE6C}.Release|Win32.Build.0 = Release|Win32
		{99DA5C28-BFE0-4F04-86FD-CEA6A66BAE6C}.Release|x64.ActiveCfg = Release|x64
		{99DA5C28-BFE0-4F04-86FD-CEA6A66BAE6C}.Release|x64.Build.0 = Release|x64
		{3B7E3A04-6EF7-4D77-B650-6776B813939B}.Debug|Win32.ActiveCfg = Debug|Win32
		{3B7E3A04-6EF7-4D77-B650-6776B813939B}.Debug|Win32.Build.0 = Debug|Win32
		{3B7E3A04-6EF7-4D77-B650-6776B813939B}.Debug|x64.ActiveCfg = Debug|x64
		{3B7E3A04-6EF7-4D77-B650-6776B813939B}.Debug|x64.Build.0 = Debug|x64
		{3B7E3A04-6EF7-4D77-B650-6776B813939B}.Release|Win32.ActiveCfg = Release|Win32
		{3B7E3A04-6EF7-4D77-B650-6776B813939B}.Release|Win32.Build.0 = Release|Win32
		{3B7E3A04-6EF7-4D77-B650-6776B813939B}.Release|x64.ActiveCfg = Release|x64
		{3B7E3A04-6EF7-4D77-B650-6776B813939B}.Release|x64.Build.0 = Release|x64
		{73046F89-903D-413D-92B3-EF88D64097F6}.Debug|Win32.ActiveCfg = Debug|Win32
		{73046F89-903D-413D-92B3-EF88D64097F6}.Debug|Win32.Build.0 = Debug|Win32
		{73046F89-903D-413D-92B3-EF88D64097F6}.Debug|x64.ActiveCfg = Debug|x64
		{73046F89-903D-413D-92B3-EF88D64097F6}.Debug|x64.Build.0 = Debug|x64
		{73046F89-903D-413D-92B3-EF88D64097F6}.Release|Win32.ActiveCfg = Release|Win32
		{73046F89-903D-413D-92B3-EF88D64097F6}.Release|Win32.Build.0 = Release|Win32
		{73046F89-903D-413D-92B3-EF88D64097F6}.Release|x64.ActiveCfg = Release|x64
		{73046F89-903D-413D-92B3-EF88D64097F6}.Release|x64.Build.0 = Release|x64
		{F7CFC27F-4576-4879-BA49-9A895EDC319A}.Debug|Win32.ActiveCfg = Debug|Win32
		{F7CFC27F-4576-4879-BA49-9A895EDC319A}.Debug|Win32.Build.0 = Debug|Win32
		{F7CFC27F-4576-4879-BA49-9A895EDC319A}.Debug|x64.ActiveCfg = Debug|x64
		{F7CFC27F-4576-4879-BA49-9A895EDC319A}.Debug|x64.Build.0 = Debug|x64
		{F7CFC27F-4576-4879-BA49-9A895EDC319A}.Release|Win32.ActiveCfg = Release|Win32
		{F7CFC27F-4576-4879-BA49-9A895EDC319A}.Release|Win32.Build.0 = Release|Win32
		{F7CFC27F-4576-4879-BA49-9A895EDC319A}.Release|x64.ActiveCfg = Release|x64
		{F7CFC27F-4576-4879-BA49-9A895EDC319A}.Release|x64.Build.0 = Release|x64
		{AAFC5379-94AF-4B21-A4A9-7A867F5A07D9}.Debug|Win32.ActiveCfg = Debug|Win32
		{AAFC5379-94AF-4B21-A4A9-7A867F5A07D9}.Debug|Win32.Build.0 = Debug|Win32
		{AAFC5379-94AF-4B21-A4A9-7A867F5A07D9}.Debug|x64.ActiveCfg = Debug|x64
		{AAFC5379-94AF-4B21-A4A9-7A867F5A07D9}.Debug|x64.Build.0 = Debug|x64
		{AAFC5379-94AF-4B21-A4A9-7A867F5A07D9}.Release|Win32.ActiveCfg = Release|Win32
		{AAFC5379-94AF-4B21-A4A9-7A867F5A07D9}.Release|Win32.Build.0 = Release|Win32
		{AAFC5379-94AF-4B21-A4A9-7A867F5A07D9}.Release|x64.ActiveCfg = Release|x64
		{AAFC5379-94AF-4B21-A4A9-7A867F5A07D9}.Release|x64.Build.0 = Release|x64
		{3D6E880C-944A-4EBF-9072-861E84C02D5A}.Debug|Win32.ActiveCfg = Debug|Win32
		{3D6E880C-944A-4EBF-9072-861E84C02D5A}.Debug|Win32.Build.0 = Debug|Win32
		{3D6E880C-944A-4EBF-9072-861E84C02D5A}.Debug|x64.ActiveCfg = Debug|x64
		{3D6E880C-944A-4EBF-9072-861E84C02D5A}.Debug|x64.Build.0 = Debug|x64
		{3D6E880C-944A-4EBF-9072-861E84C02D5A}.Release|Win32.ActiveCfg = Release|Win32
		{3D6E880C-944A-4EBF-9072-861E84C02D5A}.Release|Win32.Build.0 = Release|Win32
		{3D6E880C-944A-4EBF-9072-861E84C02D5A}.Release|x64.ActiveCfg = Release|x64
		{3D6E880C-944A-4EBF-9072-861E84C02D5A}.Release|x64.Build.0 = Release|x64
		{CA1E677D-34E7-4AE9-82CA-8158F0ED5265}.Debug|Win32.ActiveCfg = Debug|Win32
		{CA1E677D-34E7-4AE9-82CA-8158F0ED5265}.Debug|Win32.Build.0 = Debug|Win32
		{CA1E677D-34E7-4AE9-82CA-8158F0ED5265}.Debug|x64.ActiveCfg = Debug|x64
		{CA1E677D-34E7-4AE9-82CA-8158F0ED5265}.Debug|x64.Build.0 = Debug|x64
		{CA1E677D-34E7-4AE9-82CA-8158F0ED5265}.Release|Win32.ActiveCfg = Release|Win32
		{CA1E677D-34E7-4AE9-82CA-8158F0ED5265}.Release|Win32.Build.0 = Release|Win32
		{CA1E677D-34E7-4AE9-82CA-8158F0ED5265}.Release|x64.ActiveCfg = Release|x64
		{CA1E677D-34E7-4AE9-82CA-8158F0ED5265}.Release|x64.Build.0 = Release|x64
		{D0B22A17-CDB9-49A2-A5B1-BEA083ED1E24}.Debug|Win32.ActiveCfg = Debug|Win32
		{D0B22A17-CDB9-49A2-A5B1-BEA083ED1E24}.Debug|Win32.Build.0 = Debug|Win32
		{D0B22A17-CDB9-49A2-A5B1-BEA083ED1E24}.Debug|x64.ActiveCfg = Debug|x64
		{D0B22A17-CDB9-49A2-A5B1-BEA083ED1E24}.Debug|x64.Build.0 = Debug|x64
		{D0B22A17-CDB9-49A2-A5B1-BEA083ED1E24}.Release|Win32.ActiveCfg = Release|Win32
		{D0B22A17-CDB9-49A2-A5B1-BEA083ED1E24}.Release|Win32.Build.0 = Release|Win32
		{D0B22A17-CDB9-49A2-A5B1-BEA083ED1E24}.Release|x64.ActiveCfg = Release|x64
		{D0B22A17-CDB9-49A2-A5B1-BEA083ED1E24}.Release|x64.Build.0 = Release|x64
		{0716CE9B-0DF8-49E6-8C9D-C3434B3186DB}.Debug|Win32.ActiveCfg = Debug|Win32
		{0716CE9B-0DF8-49E6-8C9D-C3434B3186DB}.Debug|Win32.Build.0 = Debug|Win32
		{0716CE9B-0DF8-49E6-8C9D-C3434B3186DB}.Debug|x64.ActiveCfg = Debug|x64
		{0716CE9B-0DF8-49E6-8C9D-C3434B3186DB}.Debug|x64.Build.0 = Debug|x64
		{0716CE9B-0DF8-49E6-8C9D-C3434B3186DB}.Release|Win32.ActiveCfg = Release|Win32
		{0716CE9B-0DF8-49E6-8C9D-C3434B3186DB}.Release|Win32.Build.0 = Release|Win32
		{0716CE9B-0DF8-49E6-8C9D-C3434B3186DB}.Release|x64.ActiveCfg = Release|x64
		{0716CE9B-0DF8-49E6-8C9D-C3434B3186DB}.Release|x64.Build.0 = Release|x64
		{BE3A7CB2-2AE2-4B9B-B031-184F5086558F}.Debug|Win32.ActiveCfg = Debug|Win32
		{BE3A7CB2-2AE2-4B9B-B031-184F5086558F}.Debug|Win32.Build.0 = Debug|Win32
		{BE3A7CB2-2AE2-4B9B-B031-184F5086558F}.Debug|x64.ActiveCfg = Debug|x64
		{BE3A7CB2-2AE2-4B9B-B031-184F5086558F}.Debug|x64.Build.0 = Debug|x64
		{BE3A7CB2-2AE2-4B9B-B031-184F5086558F}.Release|Win32.ActiveCfg = Release|Win32
		{BE3A7CB2-2AE2-4B9B-B031-184F5086558F}.Release|Win32.Build.0 = Release|Win32
		{BE3A7CB2-2AE2-4B9B-B031-184F5086558F}.Release|x64.ActiveCfg = Release|x64
		{BE3A7CB2-2AE2-4B9B-B031-184F5086558F}.Release|x64.Build.0 = Release|x64
		{8403138C-4BFD-4466-B407-DA6217DC2568}.Debug|Win32.ActiveCfg = Debug|Win32
		{8403138C-4BFD-4466-B407-DA6217DC2568}.Debug|Win32.Build.0 = Debug|Win32
		{8403138C-4BFD-4466-B407-DA6217DC2568}.Debug|x64.ActiveCfg = Debug|x64
		{8403138C-4BFD-4466-B407-DA6217DC2568}.Debug|x64.Build.0 = Debug|x64
		{8403138C-4BFD-4466-B407-DA6217DC2568}.Release|Win32.ActiveCfg = Release|Win32
		{8403138C-4BFD-4466-B407-DA6217DC2568}.Release|Win32.Build.0 = Release|Win32
		{8403138C-4BFD-4466-B407-DA6217DC2568}.Release|x64.ActiveCfg = Release|x64
		{8403138C-4BFD-4466-B407-DA6217DC2568}.Release|x64.Build.0 = Release|x64
		{D52F0F80-2762-4EC0-BB9F-F4EA3E3D6912}.Debug|Win32.ActiveCfg = Debug|Win32
		{D52F0F80-2762-4EC0-BB9F-F4EA3E3D6912}.Debug|Win32.Build.0 = Debug|Win32
		{D52F0F80-2762-4EC0-BB9F-F4EA3E3D6912}.Debug|x64.ActiveCfg = Debug|x64
		{D52F0F80-2762-4EC0-BB9F-F4EA3E3D6912}.Debug|x64.Build.0 = Debug|x64
		{D52F0F80-2762-4EC0-BB9F-F4EA3E3D6912}.Release|Win32.ActiveCfg = Release|Win32
		{D52F0F80-2762-4EC0-BB9F-F4EA3E3D6912}.Release|Win32.Build.0 = Release|Win32
		{D52F0F80-2762-4EC0-BB9F-F4EA3E3D6912}.Release|x64.ActiveCfg = Release|x64
		{D52F0F80-2762-4EC0-BB9F-F4EA3E3D6912}.Release|x64.Build.0 = Release|x64
		{3AEBBF03-54FD-4BC8-8A39-55D041C00AF4}.Debug|Win32.ActiveCfg = Debug|Win32
		{3AEBBF03-54FD-4BC8-8A39-55D041C00AF4}.Debug|Win32.Build.0 = Debug|Win32
		{3AEBBF03-54FD-4BC8-8A39-55D041C00AF4}.Debug|x64.ActiveCfg = Debug|x64
		{3AEBBF03-54FD-4BC8-8A39-55D041C00AF4}.Debug|x64.Build.0 = Debug|x64
		{3AEBBF03-54FD-4BC8-8A39-55D041C00AF4}.Release|Win32.ActiveCfg = Release|Win32
		{3AEBBF03-54FD-4BC8-8A39-55D041C00AF4}.Release|Win32.Build.0 = Release|Win32
		{3AEBBF03-54FD-4BC8-8A39-55D041C00AF4}.Release|x64.ActiveCfg = Release|x64
		{3AEBBF03-54FD-4BC8-8A39-55D041C00AF4}.Release|x64.Build.0 = Release|x64
		{3C10061B-82B1-47E2-AFDE-F293BCB364B4}.Debug|Win32.ActiveCfg = Debug|Win32
		{3C10061B-82B1-47E2-AFDE-F293BCB364B4}.Debug|Win32.Build.0 = Debug|Win32
		{3C10061B-82B1-47E2-AFDE-F293BCB364B4}.Debug|x64.ActiveCfg = Debug|x64
		{3C10061B-82B1-47E2-AFDE-F293BCB364B4}.Debug|x64.Build.0 = Debug|x64
		{3C10061B-82B1-47E2-AFDE-F293BCB364B4}.Release|Win32.ActiveCfg = Release|Win32
		{3C10061B-82B1-47E2-AFDE-F293BCB364B4}.Release|Win32.Build.0 = Release|Win32
		{3C10061B-82B1-47E2-AFDE-F293BCB364B4}.Release|x64.ActiveCfg = Release|x64
		{3C10061B-82B1-47E2-AFDE-F293BCB364B4}.Release|x64.Build.0 = Release|x64
		{40ADD9BF-37DD-4FEF-B1B3-6CC7AC44480E}.Debug|Win32.ActiveCfg = Debug|Win32
		{40ADD9BF-37DD-4FEF-B1B3-6CC7AC44480E}.Debug|Win32.Build.0 = Debug|Win32
		{40ADD9BF-37DD-4FEF-B1B3-6CC7AC44480E}.Debug|x64.ActiveCfg = Debug|x64
		{40ADD9BF-37DD-4FEF-B1B3-6CC7AC44480E}.Debug|x64.Build.0 = Debug|x64
		{40ADD9BF-37DD-4FEF-B1B3-6CC7AC44480E}.Release|Win32.ActiveCfg = Release|Win32
		{40ADD9BF-37DD-4FEF-B1B3-6CC7AC44480E}.Release|Win32.Build.0 = Release|Win32
		{40ADD9BF-37DD-4FEF-B1B3-6CC7AC44480E}.Release|x64.ActiveCfg = Release|x64
		{40ADD9BF-37DD-4FEF-B1B3-6CC7AC44480E}.Release|x64.Build.0 = Release|x64
		{C4DCE310-256B-4DCD-A024-1A2D347D99BF}.Debug|Win32.ActiveCfg = Debug|Win32
		{C4DCE310-256B-4DCD-A024-1A2D347D99BF}.Debug|Win32.Build.0 = Debug|Win32
		{C4DCE310-256B-4DCD-A024-1A2D347D99BF}.Debug|x64.ActiveCfg = Debug|x64
		{C4DCE310-256B-4DCD-A024-1A2D347D99BF}.Debug|x64.Build.0 = Debug|x64
		{C4DCE310-256B-4DCD-A024-1A2D347D99BF}.Release|Win32.ActiveCfg = Release|Win32
		{C4DCE310-256B-4DCD-A024-1A2D347D99BF}.Release|Win32.Build.0 = Release|Win32
		{C4DCE310-256B-4DCD-A024-1A2D347D99BF}.Release|x64.ActiveCfg = Release|x64
		{C4DCE310-256B-4DCD-A024-1A2D347D99BF}.Release|x64.Build.0 = Release|x64
		{A816E015-D181-4FA7-B2FC-EB1CC2E4DF2E}.Debug|Win32.ActiveCfg = Debug|Win32
		{A816E015-D181-4FA7-B2FC-EB1CC2E4DF2E}.Debug|Win32.Build.0 = Debug|Win32
		{A816E015-D181-4FA7-B2FC-EB1CC2E4DF2E}.Debug|x64.ActiveCfg = Debug|x64
		{A816E015-D181-4FA7-B2FC-EB1CC2E4DF2E}.Debug|x64.Build.0 = Debug|x64
		{A816E015-D181-4FA7-B2FC-EB1CC2E4DF2E}.Release|Win32.ActiveCfg = Release|Win32
		{A816E015-D181-4FA7-B2FC-EB1CC2E4DF2E}.Release|Win32.Build.0 = Release|Win32
		{A816E015-D181-4FA7-B2FC-EB1CC2E4DF2E}.Release|x64.ActiveCfg = Release|x64
		{A816E015-D181-4FA7-B2FC-EB1CC2E4DF2E}.Release|x64.Build.0 = Release|x64
		{EF398B6B-2025-411F-9479-5FB666A7A245}.Debug|Win32.ActiveCfg = Debug|Win32
		{EF398B6B-2025-411F-9479-5FB666A7A245}.Debug|Win32.Build.0 = Debug|Win32
		{EF398B6B-2025-411F-9479-5FB666A7A245}.Debug|x64.ActiveCfg = Debug|x64
		{EF398B6B-2025-411F-9479-5FB666A7A245}.Debug|x64.Build.0 = Debug|x64
		{EF398B6B-2025-411F-9479-5FB666A7A245}.Release|Win32.ActiveCfg = Release|Win32
		{EF398B6B-2025-411F-9479-5FB666A7A245}.Release|Win32.Build.0 = Release|Win32
		{EF398B6B-2025-411F-9479-5FB666A7A245}.Release|x64.ActiveCfg = Release|x64
		{EF398B6B-2025-411F-9479-5FB666A7A245}.Release|x64.Build.0 = Release|x64
		{9AB76A50-100E-464C-865F-1048072CC5E2}.Debug|Win32.ActiveCfg = Debug|Win32
		{9AB76A50-100E-464C-865F-1048072CC5E2}.Debug|Win32.Build.0 = Debug|Win32
		{9AB76A50-100E-464C-865F-1048072CC5E2}.Debug|x64.ActiveCfg = Debug|x64
		{9AB76A50-100E-464C-865F-1048072CC5E2}.Debug|x64.Build.0 = Debug|x64
		{9AB76A50-100E-464C-865F-1048072CC5E2}.Release|Win32.ActiveCfg = Release|Win32
		{9AB76A50-100E-464C-865F-1048072CC5E2}.Release|Win32.Build.0 = Release|Win32
		{9AB76A50-100E-464C-865F-1048072CC5E2}.Release|x64.ActiveCfg = Release|x64
		{9AB76A50-100E-464C-865F-1048072CC5E2}.Release|x64.Build.0 = Release|x64
		{FABAD94E-A2BD-42ED-BABF-B630ADF8CA99}.Debug|Win32.ActiveCfg = Debug|Win32
		{FABAD94E-A2BD-42ED-BABF-B630ADF8CA99}.Debug|Win32.Build.0 = Debug|Win32
		{FABAD94E-A2BD-42ED-BABF-B630ADF8CA99}.Debug|x64.ActiveCfg = Debug|x64
		{FABAD94E-A2BD-42ED-BABF-B630ADF8CA99}.Debug|x64.Build.0 = Debug|x64
		{FABAD94E-A2BD-42ED-BABF-B630ADF8CA99}.Release|Win32.ActiveCfg = Release|Win32
		{FABAD94E-A2BD-42ED-BABF-B630ADF8CA99}.Release|Win32.Build.0 = Release|Win32
		{FABAD94E-A2BD-42ED-BABF-B630ADF8CA99}.Release|x64.ActiveCfg = Release|x64
		{FABAD94E-A2BD-42ED-BABF-B630ADF8CA99}.Release|x64.Build.0 = Release|x64
		{B6DB2899-5BDA-4ABE-A2B9-C664376B8004}.Debug|Win32.ActiveCfg = Debug|Win32
		{B6DB2899-5BDA-4ABE-A2B9-C664376B8004}.Debug|Win32.Build.0 = Debug|Win32
		{B6DB2899-5BDA-4ABE-A2B9-C664376B8004}.Debug|x64.ActiveCfg = Debug|x64
		{B6DB2899-5BDA-4ABE-A2B9-C664376B8004}.Debug|x64.Build.0 = Debug|x64
		{B6DB2899-5BDA-4ABE-A2B9-C664376B8004}.Release|Win32.ActiveCfg = Release|Win32
		{B6DB2899-5BDA-4ABE-A2B9-C664376B8004}.Release|Win32.Build.0 = Release|Win32
		{B6DB2899-5BDA-4ABE-A2B9-C664376B8004}.Release|x64.ActiveCfg = Release|x64
		{B6DB2899-5BDA-4ABE-A2B9-C664376B8004}.Release|x64.Build.0 = Release|x64
		{CC49C15B-9830-497E-B151-04CCEA0EDE79}.Debug|Win32.ActiveCfg = Debug|Win32
		{CC49C15B-9830-497E-B151-04CCEA0EDE79}.Debug|Win32.Build.0 = Debug|Win32
		{CC49C15B-9830-497E-B151-04CCEA0EDE79}.Debug|x64.ActiveCfg = Debug|x64
		{CC49C15B-9830-497E-B151-04CCEA0EDE79}.Debug|x64.Build.0 = Debug|x64
		{CC49C15B-9830-497E-B151-04CCEA0EDE79}.Release|Win32.ActiveCfg = Release|Win32
		{CC49C15B-9830-497E-B151-04CCEA0EDE79}.Release|Win32.Build.0 = Release|Win32
		{CC49C15B-9830-497E-B151-04CCEA0EDE79}.Release|x64.ActiveCfg = Release|x64
		{CC49C15B-9830-497E-B151-04CCEA0EDE79}.Release|x64.Build.0 = Release|x64
		{D14B0B9F-8E8E-4230-9051-C4310769F632}.Debug|Win32.ActiveCfg = Debug|Win32
		{D14B0B9F-8E8E-4230-9051-C4310769F632}.Debug|Win32.Build.0 = Debug|Win32
		{D14B0B9F-8E8E-4230-9051-C4310769F632}.Debug|x64.ActiveCfg = Debug|x64
		{D14B0B9F-8E8E-4230-9051-C4310769F632}.Debug|x64.Build.0 = Debug|x64
		{D14B0B9F-8E8E-4230-9051-C4310769F632}.Release|Win32.ActiveCfg = Release|Win32
		{D14B0B9F-8E8E-4230-9051-C4310769F632}.Release|Win32.Build.0 = Release|Win32
		{D14B0B9F-8E8E-4230-9051-C4310769F632}.Release|x64.ActiveCfg = Release|x64
		{D14B0B9F-8E8E-4230-9051-C4310769F632}.Release|x64.Build.0 = Release|x64
		{5BFF6B8F-FB28-4774-8B35-D5AC2EFAB362}.Debug|Win32.ActiveCfg = Debug|Win32
		{5BFF6B8F-FB28-4774-8B35-D5AC2EFAB362}.Debug|Win32.Build.0 = Debug|Win32
		{5BFF6B8F-FB28-4774-8B35-D5AC2EFAB362}.Debug|x64.ActiveCfg = Debug|x64
		{5BFF6B8F-FB28-4774-8B35-D5AC2EFAB362}.Debug|x64.Build.0 = Debug|x64
		{5BFF6B8F-FB28-4774-8B35-D5AC2EFAB362}.Release|Win32.ActiveCfg = Release|Win32
		{5BFF6B8F-FB28-4774-8B35-D5AC2EFAB362}.Release|Win32.Build.0 = Release|Win32
		{5BFF6B8F-FB28-4774-8B35-D5AC2EFAB362}.Release|x64.ActiveCfg = Release|x64
		{5BFF6B8F-FB28-4774-8B35-D5AC2EFAB362}.Release|x64.Build.0 = Release|x64
		{1FF990DF-6A9E-4B1E-B0F0-63FF21A1B034}.Debug|Win32.ActiveCfg = Debug|Win32
		{1FF990DF-6A9E-4B1E-B0F0-63FF21A1B034}.Debug|Win32.Build.0 = Debug|Win32
		{1FF990DF-6A9E-4B1E-B0F0-63FF21A1B034}.Debug|x64.ActiveCfg = Debug|x64
		{1FF990DF-6A9E-4B1E-B0F0-63FF21A1B034}.Debug|x64.Build.0 = Debug|x64
		{1FF990DF-6A9E-4B1E-B0F0-63FF21A1B034}.Release|Win32.ActiveCfg = Release|Win32
		{1FF990DF-6A9E-4B1E-B0F0-63FF21A1B034}.Release|Win32.Build.0 = Release|Win32
		{1FF990DF-6A9E-4B1E-B0F0-63FF21A1B034}.Release|x64.ActiveCfg = Release|x64
		{1FF990DF-6A9E-4B1E-B0F0-63FF21A1B034}.Release|x64.Build.0 = Release|x64
		{B6709B3B-0B7D-4364-99E9-99C30937290E}.Debug|Win32.ActiveCfg = Debug|Win32
		{B6709B3B-0B7D-4364-99E9-99C30937290E}.Debug|Win32.Build.0 = Debug|Win32
		{B6709B3B-0B7D-4364-99E9-99C30937290E}.Debug|x64.ActiveCfg = Debug|x64
		{B6709B3B-0B7D-4364-99E9-99C30937290E}.Debug|x64.Build.0 = Debug|x64
		{B6709B3B-0B7D-4364-99E9-99C30937290E}.Release|Win32.ActiveCfg = Release|Win32
		{B6709B3B-0B7D-4364-99E9-99C30937290E}.Release|Win32.Build.0 = Release|Win32
		{B6709B3B-0B7D-4364-99E9-99C30937290E}.Release|x64.ActiveCfg = Release|x64
		{B6709B3B-0B7D-4364-99E9-99C30937290E}.Release|x64.Build.0 = Release|x64
		{7D60F023-4A1A-4129-BABF-EA5682302406}.Debug|Win32.ActiveCfg = Debug|Win32
		{7D60F023-4A1A-4129-BABF-EA5682302406}.Debug|Win32.Build.0 = Debug|Win32
		{7D60F023-4A1A-4129-BABF-EA5682302406}.Debug|x64.ActiveCfg = Debug|x64
		{7D60F023-4A1A-4129-BABF-EA5682302406}.Debug|x64.Build.0 = Debug|x64
		{7D60F023-4A1A-4129-BABF-EA5682302406}.Release|Win32.ActiveCfg = Release|Win32
		{7D60F023-4A1A-4129-BABF-EA5682302406}.Release|Win32.Build.0 = Release|Win32
		{7D60F023-4A1A-4129-BABF-EA5682302406}.Release|x64.ActiveCfg = Release|x64
		{7D60F023-4A1A-4129-BABF-EA5682302406}.Release|x64.Build.0 = Release|x64
		{382537C5-FFFF-45C0-B31D-9D9E165343B9}.Debug|Win32.ActiveCfg = Debug|Win32
		{382537C5-FFFF-45C0-B31D-9D9E165343B9}.Debug|Win32.Build.0 = Debug|Win32
		{382537C5-FFFF-45C0-B31D-9D9E165343B9}.Debug|x64.ActiveCfg = Debug|x64
		{382537C5-FFFF-45C0-B31D-9D9E165343B9}.Debug|x64.Build.0 = Debug|x64
		{382537C5-FFFF-45C0-B31D-9D9E165343B9}.Release|Win32.ActiveCfg = Release|Win32
		{382537C5-FFFF-45C0-B31D-9D9E165343B9}.Release|Win32.Build.0 = Release|Win32
		{382537C5-FFFF-45C0-B31D-9D9E165343B9}.Release|x64.ActiveCfg = Release|x64
		{382537C5-FFFF-45C0-B31D-9D9E165343B9}.Release|x64.Build.0 = Release|x64
		{1A75E591-CEEC-42FF-BCB5-376F8765CD29}.Debug|Win32.ActiveCfg = Debug|Win32
		{1A75E591-CEEC-42FF-BCB5-376F8765CD29}.Debug|Win32.Build.0 = Debug|Win32
		{1A75E591-CEEC-42FF-BCB5-376F8765CD29}.Debug|x64.ActiveCfg = Debug|x64
		{1A75E591-CEEC-42FF-BCB5-376F8765CD29}.Debug|x64.Build.0 = Debug|x64
		{1A75E591-CEEC-42FF-BCB5-376F8765CD29}.Release|Win32.ActiveCfg = Release|Win32
		{1A75E591-CEEC-42FF-BCB5-376F8765CD29}.Release|Win32.Build.0 = Release|Win32
		{1A75E591-CEEC-42FF-BCB5-376F8765CD29}.Release|x64.ActiveCfg = Release|x64
		{1A75E591-CEEC-42FF-BCB5-376F8765CD29}.Release|x64.Build.0 = Release|x64
		{6750C75C-FB63-4F82-A0E1-751EB7BBA743}.Debug|Win32.ActiveCfg = Debug|Win32
		{6750C75C-FB63-4F82-A0E1-751EB7BBA743}.Debug|Win32.Build.0 = Debug|Win32
		{6750C75C-FB63-4F82-A0E1-751EB7BBA743}.Debug|x64.ActiveCfg = Debug|x64
		{6750C75C-FB63-4F82-A0E1-751EB7BBA743}.Debug|x64.Build.0 = Debug|x64
		{6750C75C-FB63-4F82-A0E1-751EB7BBA743}.Release|Win32.ActiveCfg = Release|Win32
		{6750C75C-FB63-4F82-A0E1-751EB7BBA743}.Release|Win32.Build.0 = Release|Win32
		{6750C75C-FB63-4F82-A0E1-751EB7BBA743}.Release|x64.ActiveCfg = Release|x64
		{6750C75C-FB63-4F82-A0E1-751EB7BBA743}.Release|x64.Build.0 = Release|x64
		{3FAA5A2A-7C7A-4704-966F-990B03295D35}.Debug|Win32.ActiveCfg = Debug|Win32
		{3FAA5A2A-7C7A-4704-966F-990B03295D35}.Debug|Win32.Build.0 = Debug|Win32
		{3FAA5A2A-7C7A-4704-966F-990B03295D35}.Debug|x64.ActiveCfg = Debug|x64
		{3FAA5A2A-7C7A-4704-966F-990B03295D35}.Debug|x64.Build.0 = Debug|x64
		{3FAA5A2A-7C7A-4704-966F-990B03295D35}.Release|Win32.ActiveCfg = Release|Win32
		{3FAA5A2A-7C7A-4704-966F-990B03295D35}.Release|Win32.Build.0 = Release|Win32
		{3FAA5A2A-7C7A-4704-966F-990B03295D35}.Release|x64.ActiveCfg = Release|x64
		{3FAA5A2A-7C7A-4704-966F-990B03295D35}.Release|x64.Build.0 = Release|x64
		{5AA34BE7-ACF5-4BCE-B252-34243E427C13}.Debug|Win32.ActiveCfg = Debug|Win32
		{5AA34BE7-ACF5-4BCE-B252-34243E427C13}.Debug|Win32.Build.0 = Debug|Win32
		{5AA34BE7-ACF5-4BCE-B252-34243E427C13}.Debug|x64.ActiveCfg = Debug|x64
		{5AA34BE7-ACF5-4BCE-B252-34243E427C13}.Debug|x64.Build.0 = Debug|x64
		{5AA34BE7-ACF5-4BCE-B252-34243E427C13}.Release|Win32.ActiveCfg = Release|Win32
		{5AA34BE7-ACF5-4BCE-B252-34243E427C13}.Release|Win32.Build.0 = Release|Win32
		{5AA34BE7-ACF5-4BCE-B252-34243E427C13}.Release|x64.ActiveCfg = Release|x64
		{5AA34BE7-ACF5-4BCE-B252-34243E427C13}.Release|x64.Build.0 = Release|x64
		{599DE86A-15E0-4715-9B46-FAC84B541C4A}.Debug|Win32.ActiveCfg = Debug|Win32
		{599DE86A-15E0-4715-9B46-FAC84B541C4A}.Debug|Win32.Build.0 = Debug|Win32
		{599DE86A-15E0-4715-9B46-FAC84B541C4A}.Debug|x64.ActiveCfg = Debug|x64
		{599DE86A-15E0-4715-9B46-FAC84B541C4A}.Debug|x64.Build.0 = Debug|x64
		{599DE86A-15E0-4715-9B46-FAC84B541C4A}.Release|Win32.ActiveCfg = Release|Win32
		{599DE86A-15E0-4715-9B46-FAC84B541C4A}.Release|Win32.Build.0 = Release|Win32
		{599DE86A-15E0-4715-9B46-FAC84B541C4A}.Release|x64.ActiveCfg = Release|x64
		{599DE86A-15E0-4715-9B46-FAC84B541C4A}.Release|x64.Build.0 = Release|x64
		{F427A655-42DF-48CD-A6A4-DC79440773CA}.Debug|Win32.ActiveCfg = Debug|Win32
		{F427A655-42DF-48CD-A6A4-DC79440773CA}.Debug|Win32.Build.0 = Debug|Win32
		{F427A655-42DF-48CD-A6A4-DC79440773CA}.Debug|x64.ActiveCfg = Debug|x64
		{F427A655-42DF-48CD-A6A4-DC79440773CA}.Debug|x64.Build.0 = Debug|x64
		{F427A655-42DF-48CD-A6A4-DC79440773CA}.Release|Win32.ActiveCfg = Release|Win32
		{F427A655-42DF-48CD-A6A4-DC79440773CA}.Release|Win32.Build.0 = Release|Win32
		{F427A655-42DF-48CD-A6A4-DC79440773CA}.Release|x64.ActiveCfg = Release|x64
		{F427A655-42DF-48CD-A6A4-DC79440773CA}.Release|x64.Build.0 = Release|x64
		{3C75FE42-A051-4999-98BB-929F0D96DB7F}.Debug|Win32.ActiveCfg = Debug|Win32
		{3C75FE42-A051-4999-98BB-929F0D96DB7F}.Debug|Win32.Build.0 = Debug|Win32
		{3C75FE42-A051-4999-98BB-929F0D96DB7F}.Debug|x64.ActiveCfg = Debug|x64
		{3C75FE42-A051-4999-98BB-929F0D96DB7F}.Debug|x64.Build.0 = Debug|x64
		{3C75FE42-A051-4999-98BB-929F0D96DB7F}.Release|Win32.ActiveCfg = Release|Win32
		{3C75FE42-A051-4999-98BB-929F0D96DB7F}.Release|Win32.Build.0 = Release|Win32
		{3C75FE42-A051-4999-98BB-929F0D96DB7F}.Release|x64.ActiveCfg = Release|x64
		{3C75FE42-A051-4999-98BB-929F0D96DB7F}.Release|x64.Build.0 = Release|x64
		{4CA19070-D48B-4FB0-AF06-9BF24C5223FB}.Debug|Win32.ActiveCfg = Debug|Win32
		{4CA19070-D48B-4FB0-AF06-9BF24C5223FB}.Debug|Win32.Build.0 = Debug|Win32
		{4CA19070-D48B-4FB0-AF06-9BF24C5223FB}.Debug|x64.ActiveCfg = Debug|x64
		{4CA19070-D48B-4FB0-AF06-9BF24C5223FB}.Debug|x64.Build.0 = Debug|x64
		{4CA19070-D48B-4FB0-AF06-9BF24C5223FB}.Release|Win32.ActiveCfg = Release|Win32
		{4CA19070-D48B-4FB0-AF06-9BF24C5223FB}.Release|Win32.Build.0 = Release|Win32
		{4CA19070-D48B-4FB0-AF06-9BF24C5223FB}.Release|x64.ActiveCfg = Release|x64
		{4CA19070-D48B-4FB0-AF06-9BF24C5223FB}.Release|x64.Build.0 = Release|x64
		{01506A19-EBA7-4C86-BEE6-DFD99F0FFC08}.Debug|Win32.ActiveCfg = Debug|Win32
		{01506A19-EBA7-4C86-BEE6-DFD99F0FFC08}.Debug|Win32.Build.0 = Debug|Win32
		{01506A19-EBA7-4C86-BEE6-DFD99F0FFC08}.Debug|x64.ActiveCfg = Debug|x64
		{01506A19-EBA7-4C86-BEE6-DFD99F0FFC08}.Debug|x64.Build.0 = Debug|x64
		{01506A19-EBA7-4C86-BEE6-DFD99F0FFC08}.Release|Win32.ActiveCfg = Release|Win32
		{01506A19-EBA7-4C86-BEE6-DFD99F0FFC08}.Release|Win32.Build.0 = Release|Win32
		{01506A19-EBA7-4C86-BEE6-DFD99F0FFC08}.Release|x64.ActiveCfg = Release|x64
		{01506A19-EBA7-4C86-BEE6-DFD99F0FFC08}.Release|x64.Build.0 = Release|x64
		{6DAD83A4-E298-401B-9AA8-1C872324C753}.Debug|Win32.ActiveCfg = Debug|Win32
		{6DAD83A4-E298-401B-9AA8-1C872324C753}.Debug|Win32.Build.0 = Debug|Win32
		{6DAD83A4-E298-401B-9AA8-1C872324C753}.Debug|x64.ActiveCfg = Debug|x64
		{6DAD83A4-E298-401B-9AA8-1C872324C753}.Debug|x64.Build.0 = Debug|x64
		{6DAD83A4-E298-401B-9AA8-1C872324C753}.Release|Win32.ActiveCfg = Release|Win32
		{6DAD83A4-E298-401B-9AA8-1C872324C753}.Release|Win32.Build.0 = Release|Win32
		{6DAD83A4-E298-401B-9AA8-1C872324C753}.Release|x64.ActiveCfg = Release|x64
		{6DAD83A4-E298-401B-9AA8-1C872324C753}.Release|x64.Build.0 = Release|x64
		{81B82430-C554-4502-BD69-F05B7F07B964}.Debug|Win32.ActiveCfg = Debug|Win32
		{81B82430-C554-4502-BD69-F05B7F07B964}.Debug|Win32.Build.0 = Debug|Win32
		{81B82430-C554-4502-BD69-F05B7F07B964}.Debug|x64.ActiveCfg = Debug|x64
		{81B82430-C554-4502-BD69-F05B7F07B964}.Debug|x64.Build.0 = Debug|x64
		{81B82430-C554-4502-BD69-F05B7F07B964}.Release|Win32.ActiveCfg = Release|Win32
		{81B82430-C554-4502-BD69-F05B7F07B964}.Release|Win32.Build.0 = Release|Win32
		{81B82430-C554-4502-BD69-F05B7F07B964}.Release|x64.ActiveCfg = Release|x64
		{81B82430-C554-4502-BD69-F05B7F07B964}.Release|x64.Build.0 = Release|x64
		{BFC8189B-3D22-41E3-8D4D-47DAE8E023D8}.Debug|Win32.ActiveCfg = Debug|Win32
		{BFC8189B-3D22-41E3-8D4D-47DAE8E023D8}.Debug|Win32.Build.0 = Debug|Win32
		{BFC8189B-3D22-41E3-8D4D-47DAE8E023D8}.Debug|x64.ActiveCfg = Debug|x64
		{BFC8189B-3D22-41E3-8D4D-47DAE8E023D8}.Debug|x64.Build.0 = Debug|x64
		{BFC8189B-3D22-41E3-8D4D-47DAE8E023D8}.Release|Win32.ActiveCfg = Release|Win32
		{BFC8189B-3D22-41E3-8D4D-47DAE8E023D8}.Release|Win32.Build.0 = Release|Win32
		{BFC8189B-3D22-41E3-8D4D-47DAE8E023D8}.Release|x64.ActiveCfg = Release|x64
		{BFC8189B-3D22-41E3-8D4D-47DAE8E023D8}.Release|x64.Build.0 = Release|x64
		{FFA50385-06A7-4259-84E5-CB58A1895312}.Debug|Win32.ActiveCfg = Debug|Win32
		{FFA50385-06A7-4259-84E5-CB58A1895312}.Debug|Win32.Build.0 = Debug|Win32
		{FFA50385-06A7-4259-84E5-CB58A1895312}.Debug|x64.ActiveCfg = Debug|x64
		{FFA50385-06A7-4259-84E5-CB58A1895312}.Debug|x64.Build.0 = Debug|x64
		{FFA50385-06A7-4259-84E5-CB58A1895312}.Release|Win32.ActiveCfg = Release|Win32
		{FFA50385-06A7-4259-84E5-CB58A1895312}.Release|Win32.Build.0 = Release|Win32
		{FFA50385-06A7-4259-84E5-CB58A1895312}.Release|x64.ActiveCfg = Release|x64
		{FFA50385-06A7-4259-84E5-CB58A1895312}.Release|x64.Build.0 = Release|x64
		{E8E891F0-7CEF-4107-8681-5820FE999043}.Debug|Win32.ActiveCfg = Debug|Win32
		{E8E891F0-7CEF-4107-8681-5820FE999043}.Debug|Win32.Build.0 = Debug|Win32
		{E8E891F0-7CEF-4107-8681-5820FE999043}.Debug|x64.ActiveCfg = Debug|x64
		{E8E891F0-7CEF-4107-8681-5820FE999043}.Debug|x64.Build.0 = Debug|x64
		{E8E891F0-7CEF-4107-8681-5820FE999043}.Release|Win32.ActiveCfg = Release|Win32
		{E8E891F0-7CEF-4107-8681-5820FE999043}.Release|Win32.Build.0 = Release|Win32
		{E8E891F0-7CEF-4107-8681-5820FE999043}.Release|x64.ActiveCfg = Release|x64
		{E8E891F0-7CEF-4107-8681-5820FE999043}.Release|x64.Build.0 = Release|x64
		{42192EE5-DD04-49D6-90BA-E079D7F3BFE4}.Debug|Win32.ActiveCfg = Debug|Win32
		{42192EE5-DD04-49D6-90BA-E079D7F3BFE4}.Debug|Win32.Build.0 = Debug|Win32
		{42192EE5-DD04-49D6-90BA-E079D7F3BFE4}.Debug|x64.ActiveCfg = Debug|x64
		{42192EE5-DD04-49D6-90BA-E079D7F3BFE4}.Debug|x64.Build.0 = Debug|x64
		{42192EE5-DD04-49D6-90BA-E079D7F3BFE4}.Release|Win32.ActiveCfg = Release|Win32
		{42192EE5-DD04-49D6-90BA-E079D7F3BFE4}.Release|Win32.Build.0 = Release|Win32
		{42192EE5-DD04-49D6-90BA-E079D7F3BFE4}.Release|x64.ActiveCfg = Release|x64
		{42192EE5-DD04-49D6-90BA-E079D7F3BFE4}.Release|x64.Build.0 = Release|x64
		{CE3A210A-1DF6-4B48-B9C5-E428180DB21A}.Debug|Win32.ActiveCfg = Debug|Win32
		{CE3A210A-1DF6-4B48-B9C5-E428180DB21A}.Debug|Win32.Build.0 = Debug|Win32
		{CE3A210A-1DF6-4B48-B9C5-E428180DB21A}.Debug|x64.ActiveCfg = Debug|x64
		{CE3A210A-1DF6-4B48-B9C5-E428180DB21A}.Debug|x64.Build.0 = Debug|x64
		{CE3A210A-1DF6-4B48-B9C5-E428180DB21A}.Release|Win32.ActiveCfg = Release|Win32
		{CE3A210A-1DF6-4B48-B9C5-E428180DB21A}.Release|Win32.Build.0 = Release|Win32
		{CE3A210A-1DF6-4B48-B9C5-E428180DB21A}.Release|x64.ActiveCfg = Release|x64
		{CE3A210A-1DF6-4B48-B9C5-E428180DB21A}.Release|x64.Build.0 = Release|x64
		{D3FABBBA-0FF9-4533-A0B0-CB84CB2C8DEB}.Debug|Win32.ActiveCfg = Debug|Win32
		{D3FABBBA-0FF9-4533-A0B0-CB84CB2C8DEB}.Debug|Win32.Build.0 = Debug|Win32
		{D3FABBBA-0FF9-4533-A0B0-CB84CB2C8DEB}.Debug|x64.ActiveCfg = Debug|x64
		{D3FABBBA-0FF9-4533-A0B0-CB84CB2C8DEB}.Debug|x64.Build.0 = Debug|x64
		{D3FABBBA-0FF9-4533-A0B0-CB84CB2C8DEB}.Release|Win32.ActiveCfg = Release|Win32
		{D3FABBBA-0FF9-4533-A0B0-CB84CB2C8DEB}.Release|Win32.Build.0 = Release|Win32
		{D3FABBBA-0FF9-4533-A0B0-CB84CB2C8DEB}.Release|x64.ActiveCfg = Release|x64
		{D3FABBBA-0FF9-4533-A0B0-CB84CB2C8DEB}.Release|x64.Build.0 = Release|x64
		{2FA32641-7231-40D1-979B-32AA4B769223}.Debug|Win32.ActiveCfg = Debug|Win32
		{2FA32641-7231-40D1-979B-32AA4B769223}.Debug|Win32.Build.0 = Debug|Win32
		{2FA32641-7231-40D1-979B-32AA4B769223}.Debug|x64.ActiveCfg = Debug|x64
		{2FA32641-7231-40D1-979B-32AA4B769223}.Debug|x64.Build.0 = Debug|x64
		{2FA32641-7231-40D1-979B-32AA4B769223}.Release|Win32.ActiveCfg = Release|Win32
		{2FA32641-7231-40D1-979B-32AA4B769223}.Release|Win32.Build.0 = Release|Win32
		{2FA32641-7231-40D1-979B-32AA4B769223}.Release|x64.ActiveCfg = Release|x64
		{2FA32641-7231-40D1-979B-32AA4B769223}.Release|x64.Build.0 = Release|x64
		{817A6AE3-2A74-4DD8-8C4D-BE92C1186E0C}.Debug|Win32.ActiveCfg = Debug|Win32
		{817A6AE3-2A74-4DD8-8C4D-BE92C1186E0C}.Debug|Win32.Build.0 = Debug|Win32
		{817A6AE3-2A74-4DD8-8C4D-BE92C1186E0C}.Debug|x64.ActiveCfg = Debug|x64
		{817A6AE3-2A74-4DD8-8C4D-BE92C1186E0C}.Debug|x64.Build.0 = Debug|x64
		{817A6AE3-2A74-4DD8-8C4D-BE92C1186E0C}.Release|Win32.ActiveCfg = Release|Win32
		{817A6AE3-2A74-4DD8-8C4D-BE92C1186E0C}.Release|Win32.Build.0 = Release|Win32
		{817A6AE3-2A74-4DD8-8C4D-BE92C1186E0C}.Release|x64.ActiveCfg = Release|x64
		{817A6AE3-2A74-4DD8-8C4D-BE92C1186E0C}.Release|x64.Build.0 = Release|x64
		{BCEBCFE5-019B-4AF8-AE18-8709412728A4}.Debug|Win32.ActiveCfg = Debug|Win32
		{BCEBCFE5-019B-4AF8-AE18-8709412728A4}.Debug|Win32.Build.0 = Debug|Win32
		{BCEBCFE5-019B-4AF8-AE18-8709412728A4}.Debug|x64.ActiveCfg = Debug|x64
		{BCEBCFE5-019B-4AF8-AE18-8709412728A4}.Debug|x64.Build.0 = Debug|x64
		{BCEBCFE5-019B-4AF8-AE18-8709412728A4}.Release|Win32.ActiveCfg = Release|Win32
		{BCEBCFE5-019B-4AF8-AE18-8709412728A4}.Release|Win32.Build.0 = Release|Win32
		{BCEBCFE5-019B-4AF8-AE18-8709412728A4}.Release|x64.ActiveCfg = Release|x64
		{BCEBCFE5-019B-4AF8-AE18-8709412728A4}.Release|x64.Build.0 = Release|x64
	EndGlobalSection
	GlobalSection(SolutionProperties) = preSolution
		HideSolutionNode = FALSE
	EndGlobalSection
	GlobalSection(NestedProjects) = preSolution
		{26553CCB-6522-42AB-AE06-356EAFCED11F} = {74F49F20-F733-4E7D-8088-24D519306C6F}
		{1FB6F0EC-D203-4F07-AECA-8F4C174CD1BC} = {E2D5652A-FF4C-4301-B3BF-73C8EC650F8C}
		{FEC03570-CB02-4DAC-8D9F-55A42DDE90E2} = {74F49F20-F733-4E7D-8088-24D519306C6F}
		{E5B97DF8-30D7-4B81-A043-29F4DC2713F4} = {E2D5652A-FF4C-4301-B3BF-73C8EC650F8C}
		{99DA5C28-BFE0-4F04-86FD-CEA6A66BAE6C} = {74F49F20-F733-4E7D-8088-24D519306C6F}
		{3B7E3A04-6EF7-4D77-B650-6776B813939B} = {E2D5652A-FF4C-4301-B3BF-73C8EC650F8C}
		{73046F89-903D-413D-92B3-EF88D64097F6} = {50CCD438-42C4-4A77-AE86-851340047741}
		{F7CFC27F-4576-4879-BA49-9A895EDC319A} = {60DF1746-E866-4178-8FE1-CC39C66E8D57}
		{AAFC5379-94AF-4B21-A4A9-7A867F5A07D9} = {50CCD438-42C4-4A77-AE86-851340047741}
		{3D6E880C-944A-4EBF-9072-861E84C02D5A} = {60DF1746-E866-4178-8FE1-CC39C66E8D57}
		{CA1E677D-34E7-4AE9-82CA-8158F0ED5265} = {74F49F20-F733-4E7D-8088-24D519306C6F}
		{D0B22A17-CDB9-49A2-A5B1-BEA083ED1E24} = {E2D5652A-FF4C-4301-B3BF-73C8EC650F8C}
		{0716CE9B-0DF8-49E6-8C9D-C3434B3186DB} = {04DAA2E1-F5BC-49C6-811B-E295FF683261}
		{BE3A7CB2-2AE2-4B9B-B031-184F5086558F} = {04DAA2E1-F5BC-49C6-811B-E295FF683261}
		{8403138C-4BFD-4466-B407-DA6217DC2568} = {DCA714AF-BA31-426C-9924-5950C23EEF9B}
		{D52F0F80-2762-4EC0-BB9F-F4EA3E3D6912} = {DCA714AF-BA31-426C-9924-5950C23EEF9B}
		{3AEBBF03-54FD-4BC8-8A39-55D041C00AF4} = {04DAA2E1-F5BC-49C6-811B-E295FF683261}
		{3C10061B-82B1-47E2-AFDE-F293BCB364B4} = {74F49F20-F733-4E7D-8088-24D519306C6F}
		{40ADD9BF-37DD-4FEF-B1B3-6CC7AC44480E} = {E2D5652A-FF4C-4301-B3BF-73C8EC650F8C}
		{C4DCE310-256B-4DCD-A024-1A2D347D99BF} = {DCA714AF-BA31-426C-9924-5950C23EEF9B}
		{A816E015-D181-4FA7-B2FC-EB1CC2E4DF2E} = {50CCD438-42C4-4A77-AE86-851340047741}
		{EF398B6B-2025-411F-9479-5FB666A7A245} = {50CCD438-42C4-4A77-AE86-851340047741}
		{FABAD94E-A2BD-42ED-BABF-B630ADF8CA99} = {50CCD438-42C4-4A77-AE86-851340047741}
		{B6DB2899-5BDA-4ABE-A2B9-C664376B8004} = {50CCD438-42C4-4A77-AE86-851340047741}
		{CC49C15B-9830-497E-B151-04CCEA0EDE79} = {74F49F20-F733-4E7D-8088-24D519306C6F}
		{D14B0B9F-8E8E-4230-9051-C4310769F632} = {60DF1746-E866-4178-8FE1-CC39C66E8D57}
		{5BFF6B8F-FB28-4774-8B35-D5AC2EFAB362} = {04DAA2E1-F5BC-49C6-811B-E295FF683261}
		{1FF990DF-6A9E-4B1E-B0F0-63FF21A1B034} = {04DAA2E1-F5BC-49C6-811B-E295FF683261}
		{B6709B3B-0B7D-4364-99E9-99C30937290E} = {04DAA2E1-F5BC-49C6-811B-E295FF683261}
		{7D60F023-4A1A-4129-BABF-EA5682302406} = {04DAA2E1-F5BC-49C6-811B-E295FF683261}
		{382537C5-FFFF-45C0-B31D-9D9E165343B9} = {04DAA2E1-F5BC-49C6-811B-E295FF683261}
		{1A75E591-CEEC-42FF-BCB5-376F8765CD29} = {DCA714AF-BA31-426C-9924-5950C23EEF9B}
		{6750C75C-FB63-4F82-A0E1-751EB7BBA743} = {DCA714AF-BA31-426C-9924-5950C23EEF9B}
		{3FAA5A2A-7C7A-4704-966F-990B03295D35} = {DCA714AF-BA31-426C-9924-5950C23EEF9B}
		{5AA34BE7-ACF5-4BCE-B252-34243E427C13} = {DCA714AF-BA31-426C-9924-5950C23EEF9B}
		{599DE86A-15E0-4715-9B46-FAC84B541C4A} = {DCA714AF-BA31-426C-9924-5950C23EEF9B}
		{50CCD438-42C4-4A77-AE86-851340047741} = {330E9A6B-0EBA-4902-B9B6-67C0A33AF2C7}
		{74F49F20-F733-4E7D-8088-24D519306C6F} = {C7C40CB5-D9A5-4184-A1A5-39B0C3A7F1A5}
		{DCA714AF-BA31-426C-9924-5950C23EEF9B} = {330E9A6B-0EBA-4902-B9B6-67C0A33AF2C7}
		{04DAA2E1-F5BC-49C6-811B-E295FF683261} = {C7C40CB5-D9A5-4184-A1A5-39B0C3A7F1A5}
		{60DF1746-E866-4178-8FE1-CC39C66E8D57} = {330E9A6B-0EBA-4902-B9B6-67C0A33AF2C7}
		{E2D5652A-FF4C-4301-B3BF-73C8EC650F8C} = {C7C40CB5-D9A5-4184-A1A5-39B0C3A7F1A5}
		{F427A655-42DF-48CD-A6A4-DC79440773CA} = {E2D5652A-FF4C-4301-B3BF-73C8EC650F8C}
		{3C75FE42-A051-4999-98BB-929F0D96DB7F} = {60DF1746-E866-4178-8FE1-CC39C66E8D57}
		{4CA19070-D48B-4FB0-AF06-9BF24C5223FB} = {60DF1746-E866-4178-8FE1-CC39C66E8D57}
		{01506A19-EBA7-4C86-BEE6-DFD99F0FFC08} = {04DAA2E1-F5BC-49C6-811B-E295FF683261}
		{6DAD83A4-E298-401B-9AA8-1C872324C753} = {04DAA2E1-F5BC-49C6-811B-E295FF683261}
		{81B82430-C554-4502-BD69-F05B7F07B964} = {DCA714AF-BA31-426C-9924-5950C23EEF9B}
		{BFC8189B-3D22-41E3-8D4D-47DAE8E023D8} = {DCA714AF-BA31-426C-9924-5950C23EEF9B}
		{FFA50385-06A7-4259-84E5-CB58A1895312} = {DCA714AF-BA31-426C-9924-5950C23EEF9B}
		{E8E891F0-7CEF-4107-8681-5820FE999043} = {04DAA2E1-F5BC-49C6-811B-E295FF683261}
		{42192EE5-DD04-49D6-90BA-E079D7F3BFE4} = {04DAA2E1-F5BC-49C6-811B-E295FF683261}
		{CE3A210A-1DF6-4B48-B9C5-E428180DB21A} = {04DAA2E1-F5BC-49C6-811B-E295FF683261}
		{D3FABBBA-0FF9-4533-A0B0-CB84CB2C8DEB} = {DCA714AF-BA31-426C-9924-5950C23EEF9B}
		{2FA32641-7231-40D1-979B-32AA4B769223} = {DCA714AF-BA31-426C-9924-5950C23EEF9B}
		{817A6AE3-2A74-4DD8-8C4D-BE92C1186E0C} = {04DAA2E1-F5BC-49C6-811B-E295FF683261}
		{BCEBCFE5-019B-4AF8-AE18-8709412728A4} = {DCA714AF-BA31-426C-9924-5950C23EEF9B}
	EndGlobalSection
	GlobalSection(ExtensibilityGlobals) = postSolution
		SolutionGuid = {314278FE-C3E4-4B26-8801-E3D86961A835}
	EndGlobalSection
EndGlobal
