<?xml version="1.0" encoding="utf-8"?>
<Project ToolsVersion="4.0" xmlns="http://schemas.microsoft.com/developer/msbuild/2003">
  <ItemGroup>
    <Filter Include="go">
      <UniqueIdentifier>{93995380-89BD-4b04-88EB-625FBE52EBFB}</UniqueIdentifier>
      <Extensions>
      </Extensions>
    </Filter>
    <Filter Include="go\property">
      <UniqueIdentifier>{4FC737F1-C7A5-4376-A066-2A32D752A2FF}</UniqueIdentifier>
      <Extensions>
      </Extensions>
    </Filter>
    <Filter Include="go\property\detail">
      <UniqueIdentifier>{f5baa9ac-c0d5-4543-9124-5219281b260e}</UniqueIdentifier>
    </Filter>
    <Filter Include="go\property\policy">
      <UniqueIdentifier>{014abdf5-ff1e-4f55-b624-8b82dd5638b9}</UniqueIdentifier>
    </Filter>
    <Filter Include="go\property\anonymous">
      <UniqueIdentifier>{2b810128-31fa-4e23-972c-2ebe52880ac8}</UniqueIdentifier>
    </Filter>
    <Filter Include="go\property\anonymous\detail">
      <UniqueIdentifier>{3af6f611-620e-4c61-b6e7-f50970307cf1}</UniqueIdentifier>
    </Filter>
  </ItemGroup>
  <ItemGroup>
    <ClInclude Include="..\..\go\property.hpp">
      <Filter>go</Filter>
    </ClInclude>
    <ClInclude Include="..\..\go\property\detail\assignment_operator.hpp">
      <Filter>go\property\detail</Filter>
    </ClInclude>
    <ClInclude Include="..\..\go\property\detail\property_base.hpp">
      <Filter>go\property\detail</Filter>
    </ClInclude>
    <ClInclude Include="..\..\go\property\detail\read_only_property_base.hpp">
      <Filter>go\property\detail</Filter>
    </ClInclude>
    <ClInclude Include="..\..\go\property\detail\write_only_property_base.hpp">
      <Filter>go\property\detail</Filter>
    </ClInclude>
    <ClInclude Include="..\..\go\property\policy\proxy.hpp">
      <Filter>go\property\policy</Filter>
    </ClInclude>
    <ClInclude Include="..\..\go\property\policy\reference.hpp">
      <Filter>go\property\policy</Filter>
    </ClInclude>
    <ClInclude Include="..\..\go\property\policy\value.hpp">
      <Filter>go\property\policy</Filter>
    </ClInclude>
    <ClInclude Include="..\..\go\property\property.hpp">
      <Filter>go\property</Filter>
    </ClInclude>
    <ClInclude Include="..\..\go\property\reference_property.hpp">
      <Filter>go\property</Filter>
    </ClInclude>
    <ClInclude Include="..\..\go\property\read_only_property.hpp">
      <Filter>go\property</Filter>
    </ClInclude>
    <ClInclude Include="..\..\go\property\read_only_reference_property.hpp">
      <Filter>go\property</Filter>
    </ClInclude>
    <ClInclude Include="..\..\go\property\read_only_value_property.hpp">
      <Filter>go\property</Filter>
    </ClInclude>
    <ClInclude Include="..\..\go\property\value_property.hpp">
      <Filter>go\property</Filter>
    </ClInclude>
    <ClInclude Include="..\..\go\property\write_only_property.hpp">
      <Filter>go\property</Filter>
    </ClInclude>
    <ClInclude Include="..\..\go\property\write_only_reference_property.hpp">
      <Filter>go\property</Filter>
    </ClInclude>
    <ClInclude Include="..\..\go\property\write_only_value_property.hpp">
      <Filter>go\property</Filter>
    </ClInclude>
    <ClInclude Include="..\..\go\property\anonymous\detail\property_base.hpp">
      <Filter>go\property\anonymous\detail</Filter>
    </ClInclude>
    <ClInclude Include="..\..\go\property\anonymous\detail\read_only_property_base.hpp">
      <Filter>go\property\anonymous\detail</Filter>
    </ClInclude>
    <ClInclude Include="..\..\go\property\anonymous\detail\write_only_property_base.hpp">
      <Filter>go\property\anonymous\detail</Filter>
    </ClInclude>
    <ClInclude Include="..\..\go\property\anonymous\property.hpp">
      <Filter>go\property\anonymous</Filter>
    </ClInclude>
    <ClInclude Include="..\..\go\property\anonymous\read_only_property.hpp">
      <Filter>go\property\anonymous</Filter>
    </ClInclude>
    <ClInclude Include="..\..\go\property\anonymous\read_only_reference_property.hpp">
      <Filter>go\property\anonymous</Filter>
    </ClInclude>
    <ClInclude Include="..\..\go\property\anonymous\read_only_value_property.hpp">
      <Filter>go\property\anonymous</Filter>
    </ClInclude>
    <ClInclude Include="..\..\go\property\anonymous\reference_property.hpp">
      <Filter>go\property\anonymous</Filter>
    </ClInclude>
    <ClInclude Include="..\..\go\property\anonymous\value_property.hpp">
      <Filter>go\property\anonymous</Filter>
    </ClInclude>
    <ClInclude Include="..\..\go\property\anonymous\write_only_property.hpp">
      <Filter>go\property\anonymous</Filter>
    </ClInclude>
    <ClInclude Include="..\..\go\property\anonymous\write_only_reference_property.hpp">
      <Filter>go\property\anonymous</Filter>
    </ClInclude>
    <ClInclude Include="..\..\go\property\anonymous\write_only_value_property.hpp">
      <Filter>go\property\anonymous</Filter>
    </ClInclude>
    <ClInclude Include="..\..\go\property\detail\arithmetic_comparison_operators.hpp">
      <Filter>go\property\detail</Filter>
    </ClInclude>
    <ClInclude Include="..\..\go\property\anonymous\detail\arithmetic_comparison_operators.hpp">
      <Filter>go\property\anonymous\detail</Filter>
    </ClInclude>
  </ItemGroup>
</Project>