<?xml version="1.0" encoding="utf-8"?>
<Project ToolsVersion="4.0" xmlns="http://schemas.microsoft.com/developer/msbuild/2003">
  <ItemGroup>
    <Filter Include="go_boost">
      <Extensions>
      </Extensions>
    </Filter>
    <Filter Include="go_boost\utility">
      <Extensions>
      </Extensions>
    </Filter>
    <Filter Include="go_boost\utility\iterator">
      <UniqueIdentifier>{25f583ca-084c-4944-9905-0053d99ddcfb}</UniqueIdentifier>
    </Filter>
    <Filter Include="go_boost\utility\string">
      <UniqueIdentifier>{b82ea86b-f551-4965-b8fe-1cfc9caded0a}</UniqueIdentifier>
    </Filter>
    <Filter Include="go_boost\utility\string\detail">
      <UniqueIdentifier>{a1bfda61-7b94-47d3-b3b7-d87a74c28615}</UniqueIdentifier>
    </Filter>
    <Filter Include="go_boost\utility\container">
      <UniqueIdentifier>{554a38b6-20e9-42ea-b7a8-9715eaa9b246}</UniqueIdentifier>
    </Filter>
  </ItemGroup>
  <ItemGroup>
    <ClInclude Include="..\..\go_boost\utility.hpp">
      <Filter>go_boost</Filter>
    </ClInclude>
    <ClInclude Include="..\..\go_boost\utility\sanity.hpp">
      <Filter>go_boost\utility</Filter>
    </ClInclude>
    <ClInclude Include="..\..\go_boost\utility\iterator\try_move_backward.hpp">
      <Filter>go_boost\utility\iterator</Filter>
    </ClInclude>
    <ClInclude Include="..\..\go_boost\utility\scope_guard.hpp">
      <Filter>go_boost\utility</Filter>
    </ClInclude>
    <ClInclude Include="..\..\go_boost\utility\scope_guard_new.hpp">
      <Filter>go_boost\utility</Filter>
    </ClInclude>
    <ClInclude Include="..\..\go_boost\utility\noncopyable_nonmovable.hpp">
      <Filter>go_boost\utility</Filter>
    </ClInclude>
    <ClInclude Include="..\..\go_boost\utility\nonmovable.hpp">
      <Filter>go_boost\utility</Filter>
    </ClInclude>
    <ClInclude Include="..\..\go_boost\utility\value_guard.hpp">
      <Filter>go_boost\utility</Filter>
    </ClInclude>
    <ClInclude Include="..\..\go_boost\utility\primitive_type_specializer.hpp">
      <Filter>go_boost\utility</Filter>
    </ClInclude>
    <ClInclude Include="..\..\go_boost\utility\string_cast.hpp">
      <Filter>go_boost\utility</Filter>
    </ClInclude>
    <ClInclude Include="..\..\go_boost\utility\string_cast_exception.hpp">
      <Filter>go_boost\utility</Filter>
    </ClInclude>
    <ClInclude Include="..\..\go_boost\utility\u2string.hpp">
      <Filter>go_boost\utility</Filter>
    </ClInclude>
    <ClInclude Include="..\..\go_boost\utility\u8string.hpp">
      <Filter>go_boost\utility</Filter>
    </ClInclude>
    <ClInclude Include="..\..\go_boost\utility\string\algorithm.hpp">
      <Filter>go_boost\utility\string</Filter>
    </ClInclude>
    <ClInclude Include="..\..\go_boost\utility\string\ascii.hpp">
      <Filter>go_boost\utility\string</Filter>
    </ClInclude>
    <ClInclude Include="..\..\go_boost\utility\string\string_cast.hpp">
      <Filter>go_boost\utility\string</Filter>
    </ClInclude>
    <ClInclude Include="..\..\go_boost\utility\string\detail\string_cast.hpp">
      <Filter>go_boost\utility\string\detail</Filter>
    </ClInclude>
    <ClInclude Include="..\..\go_boost\utility\string\detail\string_cast_fwd.hpp">
      <Filter>go_boost\utility\string\detail</Filter>
    </ClInclude>
    <ClInclude Include="..\..\go_boost\utility\string\detail\string_convert.hpp">
      <Filter>go_boost\utility\string\detail</Filter>
    </ClInclude>
    <ClInclude Include="..\..\go_boost\utility\string\detail\string_convert_linux.hpp">
      <Filter>go_boost\utility\string\detail</Filter>
    </ClInclude>
    <ClInclude Include="..\..\go_boost\utility\string\detail\string_convert_windows.hpp">
      <Filter>go_boost\utility\string\detail</Filter>
    </ClInclude>
    <ClInclude Include="..\..\go_boost\utility\u16string.hpp">
      <Filter>go_boost\utility</Filter>
    </ClInclude>
    <ClInclude Include="..\..\go_boost\utility\u32string.hpp">
      <Filter>go_boost\utility</Filter>
    </ClInclude>
    <ClInclude Include="..\..\go_boost\utility\string\ucs2.hpp">
      <Filter>go_boost\utility\string</Filter>
    </ClInclude>
    <ClInclude Include="..\..\go_boost\utility\string\algorithm_fwd.hpp">
      <Filter>go_boost\utility\string</Filter>
    </ClInclude>
    <ClInclude Include="..\..\go_boost\utility\string\iso_8859_1.hpp">
      <Filter>go_boost\utility\string</Filter>
    </ClInclude>
    <ClInclude Include="..\..\go_boost\utility\iterator\erase.hpp">
      <Filter>go_boost\utility\iterator</Filter>
    </ClInclude>
    <ClInclude Include="..\..\go_boost\utility\primitive_type_implicit_specializer.hpp">
      <Filter>go_boost\utility</Filter>
    </ClInclude>
    <ClInclude Include="..\..\go_boost\utility\string\windows_1252.hpp">
      <Filter>go_boost\utility\string</Filter>
    </ClInclude>
    <ClInclude Include="..\..\go_boost\utility\container\size.hpp">
      <Filter>go_boost\utility\container</Filter>
    </ClInclude>
    <ClInclude Include="..\..\go_boost\utility\string\create.hpp">
      <Filter>go_boost\utility\string</Filter>
    </ClInclude>
    <ClInclude Include="..\..\go_boost\utility\string\create_exception.hpp">
      <Filter>go_boost\utility\string</Filter>
    </ClInclude>
    <ClInclude Include="..\..\go_boost\utility\placebo_mutex.hpp">
      <Filter>go_boost\utility</Filter>
    </ClInclude>
    <ClInclude Include="..\..\go_boost\utility\string\detail\setup_global_locale.hpp">
      <Filter>go_boost\utility\string\detail</Filter>
    </ClInclude>
    <ClInclude Include="..\..\go_boost\utility\spin_lock.hpp">
      <Filter>go_boost\utility</Filter>
    </ClInclude>
    <ClInclude Include="..\..\go_boost\utility\min_max.hpp">
      <Filter>go_boost\utility</Filter>
    </ClInclude>
  </ItemGroup>
  <ItemGroup>
    <ClCompile Include="..\enable_intellisence.cpp" />
  </ItemGroup>
</Project>