<?xml version="1.0" encoding="utf-8"?>
<Project ToolsVersion="4.0" xmlns="http://schemas.microsoft.com/developer/msbuild/2003">
  <ItemGroup>
    <Filter Include="go_boost">
      <Extensions>
      </Extensions>
    </Filter>
    <Filter Include="go_boost\property">
      <Extensions>
      </Extensions>
    </Filter>
    <Filter Include="go_boost\property\detail">
    </Filter>
    <Filter Include="go_boost\property\policy">
    </Filter>
    <Filter Include="go_boost\property\anonymous">
      <UniqueIdentifier>{46d3f065-2607-49e4-804b-7e3b9b52beb8}</UniqueIdentifier>
    </Filter>
    <Filter Include="go_boost\property\anonymous\detail">
      <UniqueIdentifier>{76f78fbb-06f3-454d-bb4e-d63538a7571b}</UniqueIdentifier>
    </Filter>
  </ItemGroup>
  <ItemGroup>
    <ClInclude Include="..\..\go_boost\property.hpp">
      <Filter>go_boost</Filter>
    </ClInclude>
    <ClInclude Include="..\..\go_boost\property\detail\assignment_operator.hpp">
      <Filter>go_boost\property\detail</Filter>
    </ClInclude>
    <ClInclude Include="..\..\go_boost\property\detail\property_base.hpp">
      <Filter>go_boost\property\detail</Filter>
    </ClInclude>
    <ClInclude Include="..\..\go_boost\property\detail\read_only_property_base.hpp">
      <Filter>go_boost\property\detail</Filter>
    </ClInclude>
    <ClInclude Include="..\..\go_boost\property\detail\write_only_property_base.hpp">
      <Filter>go_boost\property\detail</Filter>
    </ClInclude>
    <ClInclude Include="..\..\go_boost\property\policy\proxy.hpp">
      <Filter>go_boost\property\policy</Filter>
    </ClInclude>
    <ClInclude Include="..\..\go_boost\property\policy\reference.hpp">
      <Filter>go_boost\property\policy</Filter>
    </ClInclude>
    <ClInclude Include="..\..\go_boost\property\policy\value.hpp">
      <Filter>go_boost\property\policy</Filter>
    </ClInclude>
    <ClInclude Include="..\..\go_boost\property\property.hpp">
      <Filter>go_boost\property</Filter>
    </ClInclude>
    <ClInclude Include="..\..\go_boost\property\reference_property.hpp">
      <Filter>go_boost\property</Filter>
    </ClInclude>
    <ClInclude Include="..\..\go_boost\property\read_only_property.hpp">
      <Filter>go_boost\property</Filter>
    </ClInclude>
    <ClInclude Include="..\..\go_boost\property\read_only_reference_property.hpp">
      <Filter>go_boost\property</Filter>
    </ClInclude>
    <ClInclude Include="..\..\go_boost\property\read_only_value_property.hpp">
      <Filter>go_boost\property</Filter>
    </ClInclude>
    <ClInclude Include="..\..\go_boost\property\value_property.hpp">
      <Filter>go_boost\property</Filter>
    </ClInclude>
    <ClInclude Include="..\..\go_boost\property\write_only_property.hpp">
      <Filter>go_boost\property</Filter>
    </ClInclude>
    <ClInclude Include="..\..\go_boost\property\write_only_reference_property.hpp">
      <Filter>go_boost\property</Filter>
    </ClInclude>
    <ClInclude Include="..\..\go_boost\property\write_only_value_property.hpp">
      <Filter>go_boost\property</Filter>
    </ClInclude>
    <ClInclude Include="..\..\go_boost\property\anonymous\detail\property_base.hpp">
      <Filter>go_boost\property\anonymous\detail</Filter>
    </ClInclude>
    <ClInclude Include="..\..\go_boost\property\anonymous\detail\read_only_property_base.hpp">
      <Filter>go_boost\property\anonymous\detail</Filter>
    </ClInclude>
    <ClInclude Include="..\..\go_boost\property\anonymous\detail\write_only_property_base.hpp">
      <Filter>go_boost\property\anonymous\detail</Filter>
    </ClInclude>
    <ClInclude Include="..\..\go_boost\property\anonymous\property.hpp">
      <Filter>go_boost\property\anonymous</Filter>
    </ClInclude>
    <ClInclude Include="..\..\go_boost\property\anonymous\read_only_property.hpp">
      <Filter>go_boost\property\anonymous</Filter>
    </ClInclude>
    <ClInclude Include="..\..\go_boost\property\anonymous\read_only_reference_property.hpp">
      <Filter>go_boost\property\anonymous</Filter>
    </ClInclude>
    <ClInclude Include="..\..\go_boost\property\anonymous\read_only_value_property.hpp">
      <Filter>go_boost\property\anonymous</Filter>
    </ClInclude>
    <ClInclude Include="..\..\go_boost\property\anonymous\reference_property.hpp">
      <Filter>go_boost\property\anonymous</Filter>
    </ClInclude>
    <ClInclude Include="..\..\go_boost\property\anonymous\value_property.hpp">
      <Filter>go_boost\property\anonymous</Filter>
    </ClInclude>
    <ClInclude Include="..\..\go_boost\property\anonymous\write_only_property.hpp">
      <Filter>go_boost\property\anonymous</Filter>
    </ClInclude>
    <ClInclude Include="..\..\go_boost\property\anonymous\write_only_reference_property.hpp">
      <Filter>go_boost\property\anonymous</Filter>
    </ClInclude>
    <ClInclude Include="..\..\go_boost\property\anonymous\write_only_value_property.hpp">
      <Filter>go_boost\property\anonymous</Filter>
    </ClInclude>
    <ClInclude Include="..\..\go_boost\property\detail\arithmetic_comparison_operators.hpp">
      <Filter>go_boost\property\detail</Filter>
    </ClInclude>
    <ClInclude Include="..\..\go_boost\property\anonymous\detail\arithmetic_comparison_operators.hpp">
      <Filter>go_boost\property\anonymous\detail</Filter>
    </ClInclude>
  </ItemGroup>
</Project>