<?xml version="1.0" encoding="utf-8"?>
<Project ToolsVersion="4.0" xmlns="http://schemas.microsoft.com/developer/msbuild/2003">
  <ItemGroup>
    <Text Include="..\..\ACKNOWLEDGMENT.md" />
    <Text Include="..\..\COPYING.LESSER.md" />
    <Text Include="..\..\COPYING.md" />
    <Text Include="..\..\LICENSE.md" />
    <Text Include="..\..\CMakeLists.txt">
      <Filter>CMake Configuration</Filter>
    </Text>
    <Text Include="..\..\go\CMakeLists.txt">
      <Filter>CMake Configuration\go</Filter>
    </Text>
    <Text Include="..\..\go_boost\CMakeLists.txt">
      <Filter>CMake Configuration\go_boost</Filter>
    </Text>
    <Text Include="..\..\libs\CMakeLists.txt">
      <Filter>CMake Configuration\libs</Filter>
    </Text>
    <Text Include="..\..\libs\boost_mvvm\CMakeLists.txt">
      <Filter>CMake Configuration\libs\boost_mvvm</Filter>
    </Text>
    <Text Include="..\..\libs\boost_property\CMakeLists.txt">
      <Filter>CMake Configuration\libs\boost_property</Filter>
    </Text>
    <Text Include="..\..\libs\mvvm\CMakeLists.txt">
      <Filter>CMake Configuration\libs\mvvm</Filter>
    </Text>
    <Text Include="..\..\libs\boost_utility\CMakeLists.txt">
      <Filter>CMake Configuration\libs\boost_utility</Filter>
    </Text>
    <Text Include="..\..\libs\utility\CMakeLists.txt">
      <Filter>CMake Configuration\libs\utility</Filter>
    </Text>
    <Text Include="..\..\libs\boost_signals\CMakeLists.txt">
      <Filter>CMake Configuration\libs\boost_signals</Filter>
    </Text>
    <Text Include="..\..\libs\property\CMakeLists.txt">
      <Filter>CMake Configuration\libs\property</Filter>
    </Text>
    <Text Include="..\..\libs\signals\CMakeLists.txt">
      <Filter>CMake Configuration\libs\signals</Filter>
    </Text>
    <Text Include="..\..\libs\boost_config\CMakeLists.txt">
      <Filter>CMake Configuration\libs\boost_config</Filter>
    </Text>
    <Text Include="..\..\libs\boost_exception\CMakeLists.txt">
      <Filter>CMake Configuration\libs\boost_exception</Filter>
    </Text>
    <Text Include="..\..\libs\config\CMakeLists.txt">
      <Filter>CMake Configuration\libs\config</Filter>
    </Text>
    <Text Include="..\..\libs\exception\CMakeLists.txt">
      <Filter>CMake Configuration\libs\exception</Filter>
    </Text>
  </ItemGroup>
  <ItemGroup>
    <Filter Include="CMake Configuration">
      <UniqueIdentifier>{e9133545-e179-4822-b4b5-c9a5856fe929}</UniqueIdentifier>
    </Filter>
    <Filter Include="CMake Configuration\go">
      <UniqueIdentifier>{1c84cbc0-6955-41ca-bc2b-23f2ff435ca3}</UniqueIdentifier>
    </Filter>
    <Filter Include="CMake Configuration\go_boost">
      <UniqueIdentifier>{2f19081c-827a-4dc2-97ad-0b94566c7a6a}</UniqueIdentifier>
    </Filter>
    <Filter Include="CMake Configuration\libs">
      <UniqueIdentifier>{cffb3d7e-519e-4d50-a850-a306d13d7f4d}</UniqueIdentifier>
    </Filter>
    <Filter Include="CMake Configuration\libs\boost_mvvm">
      <UniqueIdentifier>{4f278204-e101-4ca9-b67d-766513a76192}</UniqueIdentifier>
    </Filter>
    <Filter Include="CMake Configuration\libs\boost_property">
      <UniqueIdentifier>{d634e6e0-e25d-4f35-810d-f9882420ef89}</UniqueIdentifier>
    </Filter>
    <Filter Include="CMake Configuration\libs\mvvm">
      <UniqueIdentifier>{eaf5c956-0ad0-4c15-8d94-8f526232d9f6}</UniqueIdentifier>
    </Filter>
    <Filter Include="CMake Configuration\libs\property">
      <UniqueIdentifier>{e3ab0756-e106-4497-a840-08c82acf1060}</UniqueIdentifier>
    </Filter>
    <Filter Include="CMake Configuration\libs\signals">
      <UniqueIdentifier>{cde75cba-8f46-4ad0-9239-beee6248c06d}</UniqueIdentifier>
    </Filter>
    <Filter Include="CMake Configuration\libs\boost_utility">
      <UniqueIdentifier>{fab96319-d37c-4f85-b453-298c88942a20}</UniqueIdentifier>
    </Filter>
    <Filter Include="CMake Configuration\libs\utility">
      <UniqueIdentifier>{af6fd419-bd69-4bf7-9ed0-5c59f9b33655}</UniqueIdentifier>
    </Filter>
    <Filter Include="CMake Configuration\libs\boost_signals">
      <UniqueIdentifier>{81b9630f-32bc-4865-b8fd-dc3681884fbd}</UniqueIdentifier>
    </Filter>
    <Filter Include="CMake Configuration\libs\boost_config">
      <UniqueIdentifier>{93425676-99be-413e-8bb5-c58b6e44554a}</UniqueIdentifier>
    </Filter>
    <Filter Include="CMake Configuration\libs\boost_exception">
      <UniqueIdentifier>{80439aae-6b7d-41fc-9f80-5780bc467752}</UniqueIdentifier>
    </Filter>
    <Filter Include="CMake Configuration\libs\exception">
      <UniqueIdentifier>{b139fa5f-c088-4bb6-812c-25c9253ea1ac}</UniqueIdentifier>
    </Filter>
    <Filter Include="CMake Configuration\libs\config">
      <UniqueIdentifier>{f1929e3e-fe2f-435a-bca3-3e1d62200f87}</UniqueIdentifier>
    </Filter>
    <Filter Include="Documentation">
      <UniqueIdentifier>{4a447960-84fc-42a4-be5e-09ac70b4d920}</UniqueIdentifier>
    </Filter>
    <Filter Include="Documentation\_layouts">
      <UniqueIdentifier>{aa945264-f6e1-4a20-b973-5f5ea76c0dd3}</UniqueIdentifier>
    </Filter>
    <Filter Include="Documentation\_sass">
      <UniqueIdentifier>{52ce8cfc-5b2a-4c41-bea0-212f7153474a}</UniqueIdentifier>
    </Filter>
    <Filter Include="Documentation\boost">
      <UniqueIdentifier>{c011f26c-b4e5-4f7e-8b8f-505b722105a2}</UniqueIdentifier>
    </Filter>
    <Filter Include="Documentation\std">
      <UniqueIdentifier>{b7354f1d-9345-4283-b7d6-078c841d4e5f}</UniqueIdentifier>
    </Filter>
    <Filter Include="Documentation\std\utility">
      <UniqueIdentifier>{44333990-7779-4f3a-80db-d9aa55b5480d}</UniqueIdentifier>
    </Filter>
    <Filter Include="Documentation\std\utility\container">
      <UniqueIdentifier>{8b9fa65b-107f-4e2e-a839-c4eea75f04b4}</UniqueIdentifier>
    </Filter>
    <Filter Include="Documentation\std\utility\iterator">
      <UniqueIdentifier>{0da38cc1-16a3-4077-9d50-520002130992}</UniqueIdentifier>
    </Filter>
    <Filter Include="Documentation\std\utility\string">
      <UniqueIdentifier>{47eb519d-4710-4d41-a86c-c98415df8a56}</UniqueIdentifier>
    </Filter>
    <Filter Include="Documentation\std\signals">
      <UniqueIdentifier>{f53b3fcc-d829-4110-84fc-0eaca3abb7d6}</UniqueIdentifier>
    </Filter>
    <Filter Include="Documentation\std\property">
      <UniqueIdentifier>{7bf76c6b-90e2-464e-8644-78bef189477f}</UniqueIdentifier>
    </Filter>
    <Filter Include="Documentation\std\property\nameless">
      <UniqueIdentifier>{a542a410-ebbc-4f97-9064-6a181610950b}</UniqueIdentifier>
    </Filter>
    <Filter Include="Documentation\std\property\read_only">
      <UniqueIdentifier>{e4d6d6d0-9fd9-44e1-826e-bd8843205ffe}</UniqueIdentifier>
    </Filter>
    <Filter Include="Documentation\std\property\write_only">
      <UniqueIdentifier>{1376486e-fb9a-449e-854b-069f815acd30}</UniqueIdentifier>
    </Filter>
    <Filter Include="Documentation\std\property\nameless\write_only">
      <UniqueIdentifier>{80fa406a-6bb7-4bd0-bc70-a077a8d5a7bb}</UniqueIdentifier>
    </Filter>
    <Filter Include="Documentation\std\property\nameless\read_only">
      <UniqueIdentifier>{c4e21cf5-0fcd-45ec-b73a-ab3f61e03f91}</UniqueIdentifier>
    </Filter>
    <Filter Include="Documentation\std\mvvm">
      <UniqueIdentifier>{69a10211-fbbb-4987-aee2-dabc8acb364a}</UniqueIdentifier>
    </Filter>
    <Filter Include="Documentation\std\mvvm\iterator">
      <UniqueIdentifier>{4193f6e5-ee6f-4540-bf6d-e01177b85ebf}</UniqueIdentifier>
    </Filter>
    <Filter Include="Documentation\std\mvvm\utility">
      <UniqueIdentifier>{09157b1e-8c75-4b33-b821-9cf7a733e282}</UniqueIdentifier>
    </Filter>
    <Filter Include="Documentation\test_reports">
      <UniqueIdentifier>{1f223f10-5f64-4d5a-8a59-598821652ee7}</UniqueIdentifier>
    </Filter>
    <Filter Include="Documentation\test_reports\linux_clang">
      <UniqueIdentifier>{851c0071-67e5-4fa7-9abd-84ee47d13155}</UniqueIdentifier>
    </Filter>
    <Filter Include="Documentation\test_reports\linux_gcc">
      <UniqueIdentifier>{d23d68fc-1c9e-4d20-b98a-459bc8002b9a}</UniqueIdentifier>
    </Filter>
    <Filter Include="Documentation\test_reports\windows_gcc">
      <UniqueIdentifier>{6b1192ef-2d18-479b-ba2b-5a7af697ad6e}</UniqueIdentifier>
    </Filter>
    <Filter Include="Documentation\test_reports\windows_msvc90">
      <UniqueIdentifier>{d8577a64-cb62-4ff2-aba2-925cc131ae56}</UniqueIdentifier>
    </Filter>
    <Filter Include="Documentation\test_reports\windows_msvc100">
      <UniqueIdentifier>{416e7201-07a5-4a01-8647-4b7f09a98f00}</UniqueIdentifier>
    </Filter>
    <Filter Include="Documentation\test_reports\windows_msvc110">
      <UniqueIdentifier>{692e9b4a-d31f-472e-b427-5155385cebfb}</UniqueIdentifier>
    </Filter>
    <Filter Include="Documentation\test_reports\windows_msvc120">
      <UniqueIdentifier>{8d3a4094-ae62-4080-8fe6-8fc538f0aee2}</UniqueIdentifier>
    </Filter>
    <Filter Include="Documentation\test_reports\windows_msvc140">
      <UniqueIdentifier>{d221189e-123f-44e6-845f-f4c1602dc6fc}</UniqueIdentifier>
    </Filter>
    <Filter Include="Documentation\test_reports\windows_msvc141">
      <UniqueIdentifier>{c4a0e085-65e8-4023-8daf-79710cdfedfc}</UniqueIdentifier>
    </Filter>
  </ItemGroup>
  <ItemGroup>
    <None Include="..\..\CMakeLists.googletest.txt.in">
      <Filter>CMake Configuration</Filter>
    </None>
    <None Include="..\..\README.md" />
    <None Include="..\..\docs\_config.yml">
      <Filter>Documentation</Filter>
    </None>
    <None Include="..\..\docs\index.md">
      <Filter>Documentation</Filter>
    </None>
    <None Include="..\..\docs\_layouts\boost_libs.html">
      <Filter>Documentation\_layouts</Filter>
    </None>
    <None Include="..\..\docs\_layouts\default.html">
      <Filter>Documentation\_layouts</Filter>
    </None>
    <None Include="..\..\docs\_layouts\std_lib_utility.html">
      <Filter>Documentation\_layouts</Filter>
    </None>
    <None Include="..\..\docs\_layouts\std_libs.html">
      <Filter>Documentation\_layouts</Filter>
    </None>
    <None Include="..\..\docs\_sass\jekyll-theme-minimal.scss">
      <Filter>Documentation\_sass</Filter>
    </None>
    <None Include="..\..\docs\boost\go_boost_cpp_libraries.md">
      <Filter>Documentation\boost</Filter>
    </None>
    <None Include="..\..\docs\std\go_std_cpp_libraries.md">
      <Filter>Documentation\std</Filter>
    </None>
    <None Include="..\..\docs\std\utility\class_noncopyable.md">
      <Filter>Documentation\std\utility</Filter>
    </None>
    <None Include="..\..\docs\std\utility\class_noncopyable_nonmovable.md">
      <Filter>Documentation\std\utility</Filter>
    </None>
    <None Include="..\..\docs\std\utility\class_nonmovable.md">
      <Filter>Documentation\std\utility</Filter>
    </None>
    <None Include="..\..\docs\std\utility\class_scope_guard.md">
      <Filter>Documentation\std\utility</Filter>
    </None>
    <None Include="..\..\docs\std\utility\class_string_cast_exception.md">
      <Filter>Documentation\std\utility</Filter>
    </None>
    <None Include="..\..\docs\std\utility\class_template_primitive_type_implicit_specializer.md">
      <Filter>Documentation\std\utility</Filter>
    </None>
    <None Include="..\..\docs\std\utility\class_template_primitive_type_specializer.md">
      <Filter>Documentation\std\utility</Filter>
    </None>
    <None Include="..\..\docs\std\utility\class_template_scope_guard_new.md">
      <Filter>Documentation\std\utility</Filter>
    </None>
    <None Include="..\..\docs\std\utility\class_template_value_guard.md">
      <Filter>Documentation\std\utility</Filter>
    </None>
    <None Include="..\..\docs\std\utility\class_u2string.md">
      <Filter>Documentation\std\utility</Filter>
    </None>
    <None Include="..\..\docs\std\utility\class_u8string.md">
      <Filter>Documentation\std\utility</Filter>
    </None>
    <None Include="..\..\docs\std\utility\function_template_string_cast.md">
      <Filter>Documentation\std\utility</Filter>
    </None>
    <None Include="..\..\docs\std\utility\utility.md">
      <Filter>Documentation\std\utility</Filter>
    </None>
    <None Include="..\..\docs\_layouts\std_lib_utility_container.html">
      <Filter>Documentation\_layouts</Filter>
    </None>
    <None Include="..\..\docs\_layouts\std_lib_utility_iterator.html">
      <Filter>Documentation\_layouts</Filter>
    </None>
    <None Include="..\..\docs\_layouts\std_lib_utility_string.html">
      <Filter>Documentation\_layouts</Filter>
    </None>
    <None Include="..\..\docs\std\utility\container\container.md">
      <Filter>Documentation\std\utility\container</Filter>
    </None>
    <None Include="..\..\docs\std\utility\iterator\iterator.md">
      <Filter>Documentation\std\utility\iterator</Filter>
    </None>
    <None Include="..\..\docs\std\utility\string\string.md">
      <Filter>Documentation\std\utility\string</Filter>
    </None>
    <None Include="..\..\docs\std\utility\container\function_template_size.md">
      <Filter>Documentation\std\utility\container</Filter>
    </None>
    <None Include="..\..\docs\std\utility\iterator\function_template_erase.md">
      <Filter>Documentation\std\utility\iterator</Filter>
    </None>
    <None Include="..\..\docs\std\utility\iterator\function_template_try_move_backward.md">
      <Filter>Documentation\std\utility\iterator</Filter>
    </None>
    <None Include="..\..\docs\std\utility\string\function_template_equals.md">
      <Filter>Documentation\std\utility\string</Filter>
    </None>
    <None Include="..\..\docs\std\utility\string\function_template_is_7_bit_ascii_character.md">
      <Filter>Documentation\std\utility\string</Filter>
    </None>
    <None Include="..\..\docs\std\utility\string\function_template_reduce_iso_8859_1_to_7_bit_ascii.md">
      <Filter>Documentation\std\utility\string</Filter>
    </None>
    <None Include="..\..\docs\std\utility\string\function_template_reduce_iso_8859_1_to_7_bit_ascii_copy.md">
      <Filter>Documentation\std\utility\string</Filter>
    </None>
    <None Include="..\..\docs\std\utility\string\function_template_reduce_to_7_bit_ascii.md">
      <Filter>Documentation\std\utility\string</Filter>
    </None>
    <None Include="..\..\docs\std\utility\string\function_template_reduce_to_7_bit_ascii_copy.md">
      <Filter>Documentation\std\utility\string</Filter>
    </None>
    <None Include="..\..\docs\std\utility\string\function_template_reduce_windows_1252_to_7_bit_ascii.md">
      <Filter>Documentation\std\utility\string</Filter>
    </None>
    <None Include="..\..\docs\std\utility\string\function_template_reduce_windows_1252_to_7_bit_ascii_copy.md">
      <Filter>Documentation\std\utility\string</Filter>
    </None>
    <None Include="..\..\docs\std\signals\abstract_class_slot_arguments.md">
      <Filter>Documentation\std\signals</Filter>
    </None>
    <None Include="..\..\docs\std\signals\class_slot_key.md">
      <Filter>Documentation\std\signals</Filter>
    </None>
    <None Include="..\..\docs\std\signals\class_template_signal.md">
      <Filter>Documentation\std\signals</Filter>
    </None>
    <None Include="..\..\docs\std\signals\signals.md">
      <Filter>Documentation\std\signals</Filter>
    </None>
    <None Include="..\..\docs\std\signals\abstract_class_slot.md">
      <Filter>Documentation\std\signals</Filter>
    </None>
    <None Include="..\..\docs\_layouts\std_lib_signals.html">
      <Filter>Documentation\_layouts</Filter>
    </None>
    <None Include="..\..\docs\std\property\class_template_basic_property.md">
      <Filter>Documentation\std\property</Filter>
    </None>
    <None Include="..\..\docs\std\property\class_template_basic_reference_property.md">
      <Filter>Documentation\std\property</Filter>
    </None>
    <None Include="..\..\docs\std\property\class_template_basic_value_property.md">
      <Filter>Documentation\std\property</Filter>
    </None>
    <None Include="..\..\docs\std\property\property.md">
      <Filter>Documentation\std\property</Filter>
    </None>
    <None Include="..\..\docs\_layouts\std_lib_property.html">
      <Filter>Documentation\_layouts</Filter>
    </None>
    <None Include="..\..\docs\std\property\read_only\class_template_read_only_basic_property.md">
      <Filter>Documentation\std\property\read_only</Filter>
    </None>
    <None Include="..\..\docs\std\property\read_only\class_template_read_only_basic_reference_property.md">
      <Filter>Documentation\std\property\read_only</Filter>
    </None>
    <None Include="..\..\docs\std\property\read_only\class_template_read_only_basic_value_property.md">
      <Filter>Documentation\std\property\read_only</Filter>
    </None>
    <None Include="..\..\docs\std\property\read_only\read_only.md">
      <Filter>Documentation\std\property\read_only</Filter>
    </None>
    <None Include="..\..\docs\std\property\write_only\class_template_write_only_basic_property.md">
      <Filter>Documentation\std\property\write_only</Filter>
    </None>
    <None Include="..\..\docs\std\property\write_only\class_template_write_only_basic_reference_property.md">
      <Filter>Documentation\std\property\write_only</Filter>
    </None>
    <None Include="..\..\docs\std\property\write_only\class_template_write_only_basic_value_property.md">
      <Filter>Documentation\std\property\write_only</Filter>
    </None>
    <None Include="..\..\docs\std\property\write_only\write_only.md">
      <Filter>Documentation\std\property\write_only</Filter>
    </None>
    <None Include="..\..\docs\_layouts\std_lib_property_read_only.html">
      <Filter>Documentation\_layouts</Filter>
    </None>
    <None Include="..\..\docs\_layouts\std_lib_property_write_only.html">
      <Filter>Documentation\_layouts</Filter>
    </None>
    <None Include="..\..\docs\std\property\nameless\class_template_property.md">
      <Filter>Documentation\std\property\nameless</Filter>
    </None>
    <None Include="..\..\docs\std\property\nameless\class_template_reference_property.md">
      <Filter>Documentation\std\property\nameless</Filter>
    </None>
    <None Include="..\..\docs\std\property\nameless\class_template_value_property.md">
      <Filter>Documentation\std\property\nameless</Filter>
    </None>
    <None Include="..\..\docs\std\property\nameless\read_only\class_template_read_only_property.md">
      <Filter>Documentation\std\property\nameless\read_only</Filter>
    </None>
    <None Include="..\..\docs\std\property\nameless\read_only\class_template_read_only_reference_property.md">
      <Filter>Documentation\std\property\nameless\read_only</Filter>
    </None>
    <None Include="..\..\docs\std\property\nameless\read_only\class_template_read_only_value_property.md">
      <Filter>Documentation\std\property\nameless\read_only</Filter>
    </None>
    <None Include="..\..\docs\std\property\nameless\read_only\read_only.md">
      <Filter>Documentation\std\property\nameless\read_only</Filter>
    </None>
    <None Include="..\..\docs\std\property\nameless\write_only\class_template_write_only_property.md">
      <Filter>Documentation\std\property\nameless\write_only</Filter>
    </None>
    <None Include="..\..\docs\std\property\nameless\write_only\class_template_write_only_reference_property.md">
      <Filter>Documentation\std\property\nameless\write_only</Filter>
    </None>
    <None Include="..\..\docs\std\property\nameless\write_only\class_template_write_only_value_property.md">
      <Filter>Documentation\std\property\nameless\write_only</Filter>
    </None>
    <None Include="..\..\docs\std\property\nameless\write_only\write_only.md">
      <Filter>Documentation\std\property\nameless\write_only</Filter>
    </None>
    <None Include="..\..\docs\_layouts\std_lib_property_nameless.html">
      <Filter>Documentation\_layouts</Filter>
    </None>
    <None Include="..\..\docs\_layouts\std_lib_property_nameless_read_only.html">
      <Filter>Documentation\_layouts</Filter>
    </None>
    <None Include="..\..\docs\_layouts\std_lib_property_nameless_write_only.html">
      <Filter>Documentation\_layouts</Filter>
    </None>
    <None Include="..\..\docs\std\property\nameless\nameless.md">
      <Filter>Documentation\std\property\nameless</Filter>
    </None>
    <None Include="..\..\docs\_layouts\std_lib_mvvm.html">
      <Filter>Documentation\_layouts</Filter>
    </None>
    <None Include="..\..\docs\_layouts\std_lib_mvvm_iterator.html">
      <Filter>Documentation\_layouts</Filter>
    </None>
    <None Include="..\..\docs\_layouts\std_lib_mvvm_utility.html">
      <Filter>Documentation\_layouts</Filter>
    </None>
    <None Include="..\..\docs\std\mvvm\mvvm.md">
      <Filter>Documentation\std\mvvm</Filter>
    </None>
    <None Include="..\..\docs\std\mvvm\class_command_parameters.md">
      <Filter>Documentation\std\mvvm</Filter>
    </None>
    <None Include="..\..\docs\std\mvvm\class_container_changed_arguments.md">
      <Filter>Documentation\std\mvvm</Filter>
    </None>
    <None Include="..\..\docs\std\mvvm\class_data_context_changed_arguments.md">
      <Filter>Documentation\std\mvvm</Filter>
    </None>
    <None Include="..\..\docs\std\mvvm\class_data_context_will_change_arguments.md">
      <Filter>Documentation\std\mvvm</Filter>
    </None>
    <None Include="..\..\docs\std\mvvm\class_notify_container_changed_interface.md">
      <Filter>Documentation\std\mvvm</Filter>
    </None>
    <None Include="..\..\docs\std\mvvm\class_notify_data_context_change_interface.md">
      <Filter>Documentation\std\mvvm</Filter>
    </None>
    <None Include="..\..\docs\std\mvvm\class_notify_view_model_change_interface.md">
      <Filter>Documentation\std\mvvm</Filter>
    </None>
    <None Include="..\..\docs\std\mvvm\class_object.md">
      <Filter>Documentation\std\mvvm</Filter>
    </None>
    <None Include="..\..\docs\std\mvvm\class_template_basic_command_execution_observer_interface.md">
      <Filter>Documentation\std\mvvm</Filter>
    </None>
    <None Include="..\..\docs\std\mvvm\class_template_basic_command_interface.md">
      <Filter>Documentation\std\mvvm</Filter>
    </None>
    <None Include="..\..\docs\std\mvvm\class_template_basic_command_manager.md">
      <Filter>Documentation\std\mvvm</Filter>
    </None>
    <None Include="..\..\docs\std\mvvm\class_template_basic_event.md">
      <Filter>Documentation\std\mvvm</Filter>
    </None>
    <None Include="..\..\docs\std\mvvm\class_template_basic_event_firing_observer_interface.md">
      <Filter>Documentation\std\mvvm</Filter>
    </None>
    <None Include="..\..\docs\std\mvvm\class_template_basic_event_manager.md">
      <Filter>Documentation\std\mvvm</Filter>
    </None>
    <None Include="..\..\docs\std\mvvm\class_template_basic_notify_command_execution_interface.md">
      <Filter>Documentation\std\mvvm</Filter>
    </None>
    <None Include="..\..\docs\std\mvvm\class_template_basic_notify_event_firing_interface.md">
      <Filter>Documentation\std\mvvm</Filter>
    </None>
    <None Include="..\..\docs\std\mvvm\class_template_basic_notify_property_changed_interface.md">
      <Filter>Documentation\std\mvvm</Filter>
    </None>
    <None Include="..\..\docs\std\mvvm\class_template_basic_object_observer_interface.md">
      <Filter>Documentation\std\mvvm</Filter>
    </None>
    <None Include="..\..\docs\std\mvvm\class_template_basic_observable_array.md">
      <Filter>Documentation\std\mvvm</Filter>
    </None>
    <None Include="..\..\docs\std\mvvm\class_template_basic_observable_associative_container.md">
      <Filter>Documentation\std\mvvm</Filter>
    </None>
    <None Include="..\..\docs\std\mvvm\class_template_basic_observable_container.md">
      <Filter>Documentation\std\mvvm</Filter>
    </None>
    <None Include="..\..\docs\std\mvvm\class_template_basic_observable_deque.md">
      <Filter>Documentation\std\mvvm</Filter>
    </None>
    <None Include="..\..\docs\std\mvvm\class_template_basic_observable_forward_list.md">
      <Filter>Documentation\std\mvvm</Filter>
    </None>
    <None Include="..\..\docs\std\mvvm\class_template_basic_observable_list.md">
      <Filter>Documentation\std\mvvm</Filter>
    </None>
    <None Include="..\..\docs\std\mvvm\class_template_basic_observable_map.md">
      <Filter>Documentation\std\mvvm</Filter>
    </None>
    <None Include="..\..\docs\std\mvvm\class_template_basic_observable_multimap.md">
      <Filter>Documentation\std\mvvm</Filter>
    </None>
    <None Include="..\..\docs\std\mvvm\class_template_basic_observable_multiset.md">
      <Filter>Documentation\std\mvvm</Filter>
    </None>
    <None Include="..\..\docs\std\mvvm\class_template_basic_observable_object.md">
      <Filter>Documentation\std\mvvm</Filter>
    </None>
    <None Include="..\..\docs\std\mvvm\class_template_basic_observable_ordered_associative_container.md">
      <Filter>Documentation\std\mvvm</Filter>
    </None>
    <None Include="..\..\docs\std\mvvm\class_template_basic_observable_sequence_container.md">
      <Filter>Documentation\std\mvvm</Filter>
    </None>
    <None Include="..\..\docs\std\mvvm\class_template_basic_observable_set.md">
      <Filter>Documentation\std\mvvm</Filter>
    </None>
    <None Include="..\..\docs\std\mvvm\class_template_basic_observable_unordered_associative_container.md">
      <Filter>Documentation\std\mvvm</Filter>
    </None>
    <None Include="..\..\docs\std\mvvm\class_template_basic_observable_unordered_map.md">
      <Filter>Documentation\std\mvvm</Filter>
    </None>
    <None Include="..\..\docs\std\mvvm\class_template_basic_observable_unordered_multimap.md">
      <Filter>Documentation\std\mvvm</Filter>
    </None>
    <None Include="..\..\docs\std\mvvm\class_template_basic_observable_unordered_multiset.md">
      <Filter>Documentation\std\mvvm</Filter>
    </None>
    <None Include="..\..\docs\std\mvvm\class_template_basic_observable_unordered_set.md">
      <Filter>Documentation\std\mvvm</Filter>
    </None>
    <None Include="..\..\docs\std\mvvm\class_template_basic_observable_vector.md">
      <Filter>Documentation\std\mvvm</Filter>
    </None>
    <None Include="..\..\docs\std\mvvm\class_template_basic_property_changed_arguments.md">
      <Filter>Documentation\std\mvvm</Filter>
    </None>
    <None Include="..\..\docs\std\mvvm\class_template_basic_relay_command.md">
      <Filter>Documentation\std\mvvm</Filter>
    </None>
    <None Include="..\..\docs\std\mvvm\class_template_data_context_interface.md">
      <Filter>Documentation\std\mvvm</Filter>
    </None>
    <None Include="..\..\docs\std\mvvm\class_view_model_changed_arguments.md">
      <Filter>Documentation\std\mvvm</Filter>
    </None>
    <None Include="..\..\docs\std\mvvm\class_view_model_interface.md">
      <Filter>Documentation\std\mvvm</Filter>
    </None>
    <None Include="..\..\docs\std\mvvm\class_view_model_will_change_arguments.md">
      <Filter>Documentation\std\mvvm</Filter>
    </None>
    <None Include="..\..\docs\std\mvvm\enum_notify_container_changed_action.md">
      <Filter>Documentation\std\mvvm</Filter>
    </None>
    <None Include="..\..\docs\std\mvvm\iterator\function_template_erase.md">
      <Filter>Documentation\std\mvvm\iterator</Filter>
    </None>
    <None Include="..\..\docs\std\mvvm\iterator\function_template_try_move_backward.md">
      <Filter>Documentation\std\mvvm\iterator</Filter>
    </None>
    <None Include="..\..\docs\std\mvvm\iterator\iterator.md">
      <Filter>Documentation\std\mvvm\iterator</Filter>
    </None>
    <None Include="..\..\docs\std\mvvm\utility\function_ddx_text.md">
      <Filter>Documentation\std\mvvm\utility</Filter>
    </None>
    <None Include="..\..\docs\std\mvvm\utility\utility.md">
      <Filter>Documentation\std\mvvm\utility</Filter>
    </None>
    <None Include="..\..\docs\test_reports\linux_clang\unit_tests.md">
      <Filter>Documentation\test_reports\linux_clang</Filter>
    </None>
    <None Include="..\..\docs\test_reports\linux_gcc\unit_tests.md">
      <Filter>Documentation\test_reports\linux_gcc</Filter>
    </None>
    <None Include="..\..\docs\test_reports\windows_gcc\unit_tests.md">
      <Filter>Documentation\test_reports\windows_gcc</Filter>
    </None>
    <None Include="..\..\docs\test_reports\windows_msvc90\unit_tests.md">
      <Filter>Documentation\test_reports\windows_msvc90</Filter>
    </None>
    <None Include="..\..\docs\test_reports\windows_msvc100\unit_tests.md">
      <Filter>Documentation\test_reports\windows_msvc100</Filter>
    </None>
    <None Include="..\..\docs\test_reports\windows_msvc110\unit_tests.md">
      <Filter>Documentation\test_reports\windows_msvc110</Filter>
    </None>
    <None Include="..\..\docs\test_reports\windows_msvc120\unit_tests.md">
      <Filter>Documentation\test_reports\windows_msvc120</Filter>
    </None>
    <None Include="..\..\docs\test_reports\windows_msvc140\unit_tests.md">
      <Filter>Documentation\test_reports\windows_msvc140</Filter>
    </None>
    <None Include="..\..\docs\test_reports\windows_msvc141\unit_tests.md">
      <Filter>Documentation\test_reports\windows_msvc141</Filter>
    </None>
    <None Include="..\..\docs\_layouts\test_reports.html">
      <Filter>Documentation\_layouts</Filter>
    </None>
    <None Include="..\..\docs\_layouts\unit_tests.html">
      <Filter>Documentation\_layouts</Filter>
    </None>
    <None Include="..\..\docs\test_reports\linux_clang\GO_libraries_boost_config_tests_report.md">
      <Filter>Documentation\test_reports\linux_clang</Filter>
    </None>
    <None Include="..\..\docs\test_reports\linux_clang\GO_libraries_boost_exception_tests_report.md">
      <Filter>Documentation\test_reports\linux_clang</Filter>
    </None>
    <None Include="..\..\docs\test_reports\linux_clang\GO_libraries_boost_mvvm_tests_report.md">
      <Filter>Documentation\test_reports\linux_clang</Filter>
    </None>
    <None Include="..\..\docs\test_reports\linux_clang\GO_libraries_boost_property_tests_report.md">
      <Filter>Documentation\test_reports\linux_clang</Filter>
    </None>
    <None Include="..\..\docs\test_reports\linux_clang\GO_libraries_boost_utility_tests_report.md">
      <Filter>Documentation\test_reports\linux_clang</Filter>
    </None>
    <None Include="..\..\docs\test_reports\linux_clang\GO_libraries_std_config_tests_report.md">
      <Filter>Documentation\test_reports\linux_clang</Filter>
    </None>
    <None Include="..\..\docs\test_reports\linux_clang\GO_libraries_std_exception_tests_report.md">
      <Filter>Documentation\test_reports\linux_clang</Filter>
    </None>
    <None Include="..\..\docs\test_reports\linux_clang\GO_libraries_std_mvvm_tests_report.md">
      <Filter>Documentation\test_reports\linux_clang</Filter>
    </None>
    <None Include="..\..\docs\test_reports\linux_clang\GO_libraries_std_property_tests_report.md">
      <Filter>Documentation\test_reports\linux_clang</Filter>
    </None>
    <None Include="..\..\docs\test_reports\linux_clang\GO_libraries_std_signals_tests_report.md">
      <Filter>Documentation\test_reports\linux_clang</Filter>
    </None>
    <None Include="..\..\docs\test_reports\linux_clang\GO_libraries_std_utility_tests_report.md">
      <Filter>Documentation\test_reports\linux_clang</Filter>
    </None>
    <None Include="..\..\docs\test_reports\linux_gcc\GO_libraries_boost_config_tests_report.md">
      <Filter>Documentation\test_reports\linux_gcc</Filter>
    </None>
    <None Include="..\..\docs\test_reports\linux_gcc\GO_libraries_boost_exception_tests_report.md">
      <Filter>Documentation\test_reports\linux_gcc</Filter>
    </None>
    <None Include="..\..\docs\test_reports\linux_gcc\GO_libraries_boost_mvvm_tests_report.md">
      <Filter>Documentation\test_reports\linux_gcc</Filter>
    </None>
    <None Include="..\..\docs\test_reports\linux_gcc\GO_libraries_boost_property_tests_report.md">
      <Filter>Documentation\test_reports\linux_gcc</Filter>
    </None>
    <None Include="..\..\docs\test_reports\linux_gcc\GO_libraries_boost_utility_tests_report.md">
      <Filter>Documentation\test_reports\linux_gcc</Filter>
    </None>
    <None Include="..\..\docs\test_reports\linux_gcc\GO_libraries_std_config_tests_report.md">
      <Filter>Documentation\test_reports\linux_gcc</Filter>
    </None>
    <None Include="..\..\docs\test_reports\linux_gcc\GO_libraries_std_exception_tests_report.md">
      <Filter>Documentation\test_reports\linux_gcc</Filter>
    </None>
    <None Include="..\..\docs\test_reports\linux_gcc\GO_libraries_std_mvvm_tests_report.md">
      <Filter>Documentation\test_reports\linux_gcc</Filter>
    </None>
    <None Include="..\..\docs\test_reports\linux_gcc\GO_libraries_std_property_tests_report.md">
      <Filter>Documentation\test_reports\linux_gcc</Filter>
    </None>
    <None Include="..\..\docs\test_reports\linux_gcc\GO_libraries_std_signals_tests_report.md">
      <Filter>Documentation\test_reports\linux_gcc</Filter>
    </None>
    <None Include="..\..\docs\test_reports\linux_gcc\GO_libraries_std_utility_tests_report.md">
      <Filter>Documentation\test_reports\linux_gcc</Filter>
    </None>
    <None Include="..\..\docs\test_reports\windows_msvc141\GO_libraries_boost_config_tests_report.md">
      <Filter>Documentation\test_reports\windows_msvc141</Filter>
    </None>
    <None Include="..\..\docs\test_reports\windows_msvc141\GO_libraries_boost_exception_tests_report.md">
      <Filter>Documentation\test_reports\windows_msvc141</Filter>
    </None>
    <None Include="..\..\docs\test_reports\windows_msvc141\GO_libraries_boost_mvvm_tests_report.md">
      <Filter>Documentation\test_reports\windows_msvc141</Filter>
    </None>
    <None Include="..\..\docs\test_reports\windows_msvc141\GO_libraries_boost_property_tests_report.md">
      <Filter>Documentation\test_reports\windows_msvc141</Filter>
    </None>
    <None Include="..\..\docs\test_reports\windows_msvc141\GO_libraries_boost_utility_tests_report.md">
      <Filter>Documentation\test_reports\windows_msvc141</Filter>
    </None>
    <None Include="..\..\docs\test_reports\windows_msvc141\GO_libraries_std_config_tests_report.md">
      <Filter>Documentation\test_reports\windows_msvc141</Filter>
    </None>
    <None Include="..\..\docs\test_reports\windows_msvc141\GO_libraries_std_exception_tests_report.md">
      <Filter>Documentation\test_reports\windows_msvc141</Filter>
    </None>
    <None Include="..\..\docs\test_reports\windows_msvc141\GO_libraries_std_mvvm_tests_report.md">
      <Filter>Documentation\test_reports\windows_msvc141</Filter>
    </None>
    <None Include="..\..\docs\test_reports\windows_msvc141\GO_libraries_std_property_tests_report.md">
      <Filter>Documentation\test_reports\windows_msvc141</Filter>
    </None>
    <None Include="..\..\docs\test_reports\windows_msvc141\GO_libraries_std_signals_tests_report.md">
      <Filter>Documentation\test_reports\windows_msvc141</Filter>
    </None>
    <None Include="..\..\docs\test_reports\windows_msvc141\GO_libraries_std_utility_tests_report.md">
      <Filter>Documentation\test_reports\windows_msvc141</Filter>
    </None>
    <None Include="..\..\docs\test_reports\windows_msvc140\GO_libraries_boost_config_tests_report.md">
      <Filter>Documentation\test_reports\windows_msvc140</Filter>
    </None>
    <None Include="..\..\docs\test_reports\windows_msvc140\GO_libraries_boost_exception_tests_report.md">
      <Filter>Documentation\test_reports\windows_msvc140</Filter>
    </None>
    <None Include="..\..\docs\test_reports\windows_msvc140\GO_libraries_boost_mvvm_tests_report.md">
      <Filter>Documentation\test_reports\windows_msvc140</Filter>
    </None>
    <None Include="..\..\docs\test_reports\windows_msvc140\GO_libraries_boost_property_tests_report.md">
      <Filter>Documentation\test_reports\windows_msvc140</Filter>
    </None>
    <None Include="..\..\docs\test_reports\windows_msvc140\GO_libraries_boost_utility_tests_report.md">
      <Filter>Documentation\test_reports\windows_msvc140</Filter>
    </None>
    <None Include="..\..\docs\test_reports\windows_msvc140\GO_libraries_std_config_tests_report.md">
      <Filter>Documentation\test_reports\windows_msvc140</Filter>
    </None>
    <None Include="..\..\docs\test_reports\windows_msvc140\GO_libraries_std_exception_tests_report.md">
      <Filter>Documentation\test_reports\windows_msvc140</Filter>
    </None>
    <None Include="..\..\docs\test_reports\windows_msvc140\GO_libraries_std_mvvm_tests_report.md">
      <Filter>Documentation\test_reports\windows_msvc140</Filter>
    </None>
    <None Include="..\..\docs\test_reports\windows_msvc140\GO_libraries_std_property_tests_report.md">
      <Filter>Documentation\test_reports\windows_msvc140</Filter>
    </None>
    <None Include="..\..\docs\test_reports\windows_msvc140\GO_libraries_std_signals_tests_report.md">
      <Filter>Documentation\test_reports\windows_msvc140</Filter>
    </None>
    <None Include="..\..\docs\test_reports\windows_msvc140\GO_libraries_std_utility_tests_report.md">
      <Filter>Documentation\test_reports\windows_msvc140</Filter>
    </None>
    <None Include="..\..\docs\test_reports\windows_msvc120\GO_libraries_boost_config_tests_report.md">
      <Filter>Documentation\test_reports\windows_msvc120</Filter>
    </None>
    <None Include="..\..\docs\test_reports\windows_msvc120\GO_libraries_boost_exception_tests_report.md">
      <Filter>Documentation\test_reports\windows_msvc120</Filter>
    </None>
    <None Include="..\..\docs\test_reports\windows_msvc120\GO_libraries_boost_mvvm_tests_report.md">
      <Filter>Documentation\test_reports\windows_msvc120</Filter>
    </None>
    <None Include="..\..\docs\test_reports\windows_msvc120\GO_libraries_boost_property_tests_report.md">
      <Filter>Documentation\test_reports\windows_msvc120</Filter>
    </None>
    <None Include="..\..\docs\test_reports\windows_msvc120\GO_libraries_boost_utility_tests_report.md">
      <Filter>Documentation\test_reports\windows_msvc120</Filter>
    </None>
    <None Include="..\..\docs\test_reports\windows_msvc120\GO_libraries_std_config_tests_report.md">
      <Filter>Documentation\test_reports\windows_msvc120</Filter>
    </None>
    <None Include="..\..\docs\test_reports\windows_msvc120\GO_libraries_std_exception_tests_report.md">
      <Filter>Documentation\test_reports\windows_msvc120</Filter>
    </None>
    <None Include="..\..\docs\test_reports\windows_msvc120\GO_libraries_std_mvvm_tests_report.md">
      <Filter>Documentation\test_reports\windows_msvc120</Filter>
    </None>
    <None Include="..\..\docs\test_reports\windows_msvc120\GO_libraries_std_property_tests_report.md">
      <Filter>Documentation\test_reports\windows_msvc120</Filter>
    </None>
    <None Include="..\..\docs\test_reports\windows_msvc120\GO_libraries_std_signals_tests_report.md">
      <Filter>Documentation\test_reports\windows_msvc120</Filter>
    </None>
    <None Include="..\..\docs\test_reports\windows_msvc120\GO_libraries_std_utility_tests_report.md">
      <Filter>Documentation\test_reports\windows_msvc120</Filter>
    </None>
    <None Include="..\..\docs\test_reports\windows_msvc110\GO_libraries_boost_config_tests_report.md">
      <Filter>Documentation\test_reports\windows_msvc110</Filter>
    </None>
    <None Include="..\..\docs\test_reports\windows_msvc110\GO_libraries_boost_exception_tests_report.md">
      <Filter>Documentation\test_reports\windows_msvc110</Filter>
    </None>
    <None Include="..\..\docs\test_reports\windows_msvc110\GO_libraries_boost_mvvm_tests_report.md">
      <Filter>Documentation\test_reports\windows_msvc110</Filter>
    </None>
    <None Include="..\..\docs\test_reports\windows_msvc110\GO_libraries_boost_property_tests_report.md">
      <Filter>Documentation\test_reports\windows_msvc110</Filter>
    </None>
    <None Include="..\..\docs\test_reports\windows_msvc110\GO_libraries_boost_utility_tests_report.md">
      <Filter>Documentation\test_reports\windows_msvc110</Filter>
    </None>
    <None Include="..\..\docs\test_reports\windows_msvc110\GO_libraries_std_config_tests_report.md">
      <Filter>Documentation\test_reports\windows_msvc110</Filter>
    </None>
    <None Include="..\..\docs\test_reports\windows_msvc110\GO_libraries_std_exception_tests_report.md">
      <Filter>Documentation\test_reports\windows_msvc110</Filter>
    </None>
    <None Include="..\..\docs\test_reports\windows_msvc110\GO_libraries_std_mvvm_tests_report.md">
      <Filter>Documentation\test_reports\windows_msvc110</Filter>
    </None>
    <None Include="..\..\docs\test_reports\windows_msvc110\GO_libraries_std_property_tests_report.md">
      <Filter>Documentation\test_reports\windows_msvc110</Filter>
    </None>
    <None Include="..\..\docs\test_reports\windows_msvc110\GO_libraries_std_signals_tests_report.md">
      <Filter>Documentation\test_reports\windows_msvc110</Filter>
    </None>
    <None Include="..\..\docs\test_reports\windows_msvc110\GO_libraries_std_utility_tests_report.md">
      <Filter>Documentation\test_reports\windows_msvc110</Filter>
    </None>
    <None Include="..\..\docs\test_reports\windows_msvc100\GO_libraries_boost_config_tests_report.md">
      <Filter>Documentation\test_reports\windows_msvc100</Filter>
    </None>
    <None Include="..\..\docs\test_reports\windows_msvc100\GO_libraries_boost_exception_tests_report.md">
      <Filter>Documentation\test_reports\windows_msvc100</Filter>
    </None>
    <None Include="..\..\docs\test_reports\windows_msvc100\GO_libraries_boost_mvvm_tests_report.md">
      <Filter>Documentation\test_reports\windows_msvc100</Filter>
    </None>
    <None Include="..\..\docs\test_reports\windows_msvc100\GO_libraries_boost_property_tests_report.md">
      <Filter>Documentation\test_reports\windows_msvc100</Filter>
    </None>
    <None Include="..\..\docs\test_reports\windows_msvc100\GO_libraries_boost_utility_tests_report.md">
      <Filter>Documentation\test_reports\windows_msvc100</Filter>
    </None>
    <None Include="..\..\docs\test_reports\windows_msvc100\GO_libraries_std_config_tests_report.md">
      <Filter>Documentation\test_reports\windows_msvc100</Filter>
    </None>
    <None Include="..\..\docs\test_reports\windows_msvc100\GO_libraries_std_exception_tests_report.md">
      <Filter>Documentation\test_reports\windows_msvc100</Filter>
    </None>
    <None Include="..\..\docs\test_reports\windows_msvc100\GO_libraries_std_mvvm_tests_report.md">
      <Filter>Documentation\test_reports\windows_msvc100</Filter>
    </None>
    <None Include="..\..\docs\test_reports\windows_msvc100\GO_libraries_std_property_tests_report.md">
      <Filter>Documentation\test_reports\windows_msvc100</Filter>
    </None>
    <None Include="..\..\docs\test_reports\windows_msvc100\GO_libraries_std_signals_tests_report.md">
      <Filter>Documentation\test_reports\windows_msvc100</Filter>
    </None>
    <None Include="..\..\docs\test_reports\windows_msvc100\GO_libraries_std_utility_tests_report.md">
      <Filter>Documentation\test_reports\windows_msvc100</Filter>
    </None>
    <None Include="..\..\docs\test_reports\windows_msvc90\GO_libraries_boost_config_tests_report.md">
      <Filter>Documentation\test_reports\windows_msvc90</Filter>
    </None>
    <None Include="..\..\docs\test_reports\windows_msvc90\GO_libraries_boost_exception_tests_report.md">
      <Filter>Documentation\test_reports\windows_msvc90</Filter>
    </None>
    <None Include="..\..\docs\test_reports\windows_msvc90\GO_libraries_boost_mvvm_tests_report.md">
      <Filter>Documentation\test_reports\windows_msvc90</Filter>
    </None>
    <None Include="..\..\docs\test_reports\windows_msvc90\GO_libraries_boost_property_tests_report.md">
      <Filter>Documentation\test_reports\windows_msvc90</Filter>
    </None>
    <None Include="..\..\docs\test_reports\windows_msvc90\GO_libraries_boost_utility_tests_report.md">
      <Filter>Documentation\test_reports\windows_msvc90</Filter>
    </None>
    <None Include="..\..\docs\test_reports\windows_msvc90\GO_libraries_std_config_tests_report.md">
      <Filter>Documentation\test_reports\windows_msvc90</Filter>
    </None>
    <None Include="..\..\docs\test_reports\windows_msvc90\GO_libraries_std_exception_tests_report.md">
      <Filter>Documentation\test_reports\windows_msvc90</Filter>
    </None>
    <None Include="..\..\docs\test_reports\windows_msvc90\GO_libraries_std_mvvm_tests_report.md">
      <Filter>Documentation\test_reports\windows_msvc90</Filter>
    </None>
    <None Include="..\..\docs\test_reports\windows_msvc90\GO_libraries_std_property_tests_report.md">
      <Filter>Documentation\test_reports\windows_msvc90</Filter>
    </None>
    <None Include="..\..\docs\test_reports\windows_msvc90\GO_libraries_std_signals_tests_report.md">
      <Filter>Documentation\test_reports\windows_msvc90</Filter>
    </None>
    <None Include="..\..\docs\test_reports\windows_msvc90\GO_libraries_std_utility_tests_report.md">
      <Filter>Documentation\test_reports\windows_msvc90</Filter>
    </None>
    <None Include="..\..\docs\test_reports\windows_gcc\GO_libraries_boost_config_tests_report.md">
      <Filter>Documentation\test_reports\windows_gcc</Filter>
    </None>
    <None Include="..\..\docs\test_reports\windows_gcc\GO_libraries_boost_exception_tests_report.md">
      <Filter>Documentation\test_reports\windows_gcc</Filter>
    </None>
    <None Include="..\..\docs\test_reports\windows_gcc\GO_libraries_boost_mvvm_tests_report.md">
      <Filter>Documentation\test_reports\windows_gcc</Filter>
    </None>
    <None Include="..\..\docs\test_reports\windows_gcc\GO_libraries_boost_property_tests_report.md">
      <Filter>Documentation\test_reports\windows_gcc</Filter>
    </None>
    <None Include="..\..\docs\test_reports\windows_gcc\GO_libraries_boost_utility_tests_report.md">
      <Filter>Documentation\test_reports\windows_gcc</Filter>
    </None>
    <None Include="..\..\docs\test_reports\windows_gcc\GO_libraries_std_config_tests_report.md">
      <Filter>Documentation\test_reports\windows_gcc</Filter>
    </None>
    <None Include="..\..\docs\test_reports\windows_gcc\GO_libraries_std_exception_tests_report.md">
      <Filter>Documentation\test_reports\windows_gcc</Filter>
    </None>
    <None Include="..\..\docs\test_reports\windows_gcc\GO_libraries_std_mvvm_tests_report.md">
      <Filter>Documentation\test_reports\windows_gcc</Filter>
    </None>
    <None Include="..\..\docs\test_reports\windows_gcc\GO_libraries_std_property_tests_report.md">
      <Filter>Documentation\test_reports\windows_gcc</Filter>
    </None>
    <None Include="..\..\docs\test_reports\windows_gcc\GO_libraries_std_signals_tests_report.md">
      <Filter>Documentation\test_reports\windows_gcc</Filter>
    </None>
    <None Include="..\..\docs\test_reports\windows_gcc\GO_libraries_std_utility_tests_report.md">
      <Filter>Documentation\test_reports\windows_gcc</Filter>
    </None>
    <None Include="..\..\docs\test_reports\unit_tests.md">
      <Filter>Documentation\test_reports</Filter>
    </None>
  </ItemGroup>
</Project>