<?xml version="1.0" encoding="utf-8"?>
<Project ToolsVersion="4.0" xmlns="http://schemas.microsoft.com/developer/msbuild/2003">
  <ItemGroup>
    <Filter Include="MFC Application Code">
      <UniqueIdentifier>{839e8869-42d3-4afd-808a-dae7b1117c14}</UniqueIdentifier>
    </Filter>
    <Filter Include="MFC Application Code\Header Files">
      <Extensions>h;hh;hpp;hxx;hm;inl;inc;xsd</Extensions>
    </Filter>
    <Filter Include="MFC Application Code\Resource Files">
      <Extensions>rc;ico;cur;bmp;dlg;rc2;rct;bin;rgs;gif;jpg;jpeg;jpe;resx;tiff;tif;png;wav;mfcribbon-ms</Extensions>
    </Filter>
    <Filter Include="MFC Application Code\Source Files">
      <Extensions>cpp;c;cc;cxx;def;odl;idl;hpj;bat;asm;asmx</Extensions>
    </Filter>
    <Filter Include="MVVM Example">
      <UniqueIdentifier>{074d33d0-0646-4173-a8df-8399eded868e}</UniqueIdentifier>
    </Filter>
    <Filter Include="MVVM Example\Model">
      <UniqueIdentifier>{ba960044-7c43-43d4-819d-5095e42c1f43}</UniqueIdentifier>
    </Filter>
    <Filter Include="MVVM Example\View Model">
      <UniqueIdentifier>{83b57c36-e912-4a3b-8140-2625a0056369}</UniqueIdentifier>
    </Filter>
    <Filter Include="MVVM Example\View">
      <UniqueIdentifier>{6e2f94d5-0ed7-44c2-8348-fba8ecbaaee2}</UniqueIdentifier>
    </Filter>
  </ItemGroup>
  <ItemGroup>
    <ClInclude Include="..\..\libs\std_mvvm\mvvm_mfc_lambda_product_example\mvvm_mfc_lambda_product_example.hpp">
      <Filter>MFC Application Code\Header Files</Filter>
    </ClInclude>
    <ClInclude Include="..\..\libs\std_mvvm\mvvm_mfc_lambda_product_example\stdafx.h">
      <Filter>MFC Application Code\Header Files</Filter>
    </ClInclude>
    <ClInclude Include="..\..\libs\std_mvvm\mvvm_mfc_lambda_product_example\targetver.h">
      <Filter>MFC Application Code\Header Files</Filter>
    </ClInclude>
    <ClInclude Include="..\..\libs\std_mvvm\mvvm_mfc_lambda_product_example\Resource.h">
      <Filter>MFC Application Code\Header Files</Filter>
    </ClInclude>
    <ClInclude Include="..\..\libs\std_mvvm\mvvm_mfc_lambda_product_example\product_model.hpp">
      <Filter>MVVM Example\Model</Filter>
    </ClInclude>
    <ClInclude Include="..\..\libs\std_mvvm\mvvm_mfc_lambda_product_example\product_view.hpp">
      <Filter>MVVM Example\View</Filter>
    </ClInclude>
    <ClInclude Include="..\..\libs\std_mvvm\mvvm_mfc_lambda_product_example\product_view_model.hpp">
      <Filter>MVVM Example\View Model</Filter>
    </ClInclude>
    <ClInclude Include="..\..\libs\std_mvvm\mvvm_mfc_lambda_product_example\product_repository.hpp">
      <Filter>MVVM Example\Model</Filter>
    </ClInclude>
    <ClInclude Include="..\..\libs\std_mvvm\mvvm_mfc_lambda_product_example\product_repository_interface.hpp">
      <Filter>MVVM Example\Model</Filter>
    </ClInclude>
  </ItemGroup>
  <ItemGroup>
    <ClCompile Include="..\..\libs\std_mvvm\mvvm_mfc_lambda_product_example\mvvm_mfc_lambda_product_example.cpp">
      <Filter>MFC Application Code\Source Files</Filter>
    </ClCompile>
    <ClCompile Include="..\..\libs\std_mvvm\mvvm_mfc_lambda_product_example\stdafx.cpp">
      <Filter>MFC Application Code\Source Files</Filter>
    </ClCompile>
    <ClCompile Include="..\..\libs\std_mvvm\mvvm_mfc_lambda_product_example\product_model.cpp">
      <Filter>MVVM Example\Model</Filter>
    </ClCompile>
    <ClCompile Include="..\..\libs\std_mvvm\mvvm_mfc_lambda_product_example\product_view.cpp">
      <Filter>MVVM Example\View</Filter>
    </ClCompile>
    <ClCompile Include="..\..\libs\std_mvvm\mvvm_mfc_lambda_product_example\product_view_model.cpp">
      <Filter>MVVM Example\View Model</Filter>
    </ClCompile>
    <ClCompile Include="..\..\libs\std_mvvm\mvvm_mfc_lambda_product_example\product_repository.cpp">
      <Filter>MVVM Example\Model</Filter>
    </ClCompile>
  </ItemGroup>
  <ItemGroup>
    <ResourceCompile Include="..\..\libs\std_mvvm\mvvm_mfc_lambda_product_example\mvvm_mfc_lambda_product_example.rc">
      <Filter>MFC Application Code\Resource Files</Filter>
    </ResourceCompile>
  </ItemGroup>
  <ItemGroup>
    <None Include="..\..\libs\std_mvvm\mvvm_mfc_lambda_product_example\res\mvvm_mfc_lambda_product_example.rc2">
      <Filter>MFC Application Code\Resource Files</Filter>
    </None>
  </ItemGroup>
  <ItemGroup>
    <Image Include="..\..\libs\std_mvvm\mvvm_mfc_lambda_product_example\res\mvvm_mfc_lambda_product_example.ico">
      <Filter>MFC Application Code\Resource Files</Filter>
    </Image>
  </ItemGroup>
  <ItemGroup>
    <Text Include="..\..\libs\std_mvvm\mvvm_mfc_lambda_product_example\ReadMe.txt">
      <Filter>MFC Application Code</Filter>
    </Text>
  </ItemGroup>
</Project>