<?xml version="1.0" encoding="utf-8"?>
<Project ToolsVersion="4.0" xmlns="http://schemas.microsoft.com/developer/msbuild/2003">
  <ItemGroup>
    <Filter Include="go_boost">
      <Extensions>
      </Extensions>
    </Filter>
    <Filter Include="go_boost\mvvm">
      <Extensions>
      </Extensions>
    </Filter>
    <Filter Include="go_boost\signals">
      <UniqueIdentifier>{1a9615de-4543-4c05-86b3-c8898216f128}</UniqueIdentifier>
    </Filter>
    <Filter Include="go_boost\mvvm\utility">
      <UniqueIdentifier>{5dba567e-c7af-41a4-a0b6-b3cd4279ef8d}</UniqueIdentifier>
    </Filter>
  </ItemGroup>
  <ItemGroup>
    <ClInclude Include="..\..\go_boost\mvvm.hpp">
      <Filter>go_boost</Filter>
    </ClInclude>
    <ClInclude Include="..\..\go_boost\mvvm\notify_property_changed.hpp">
      <Filter>go_boost\mvvm</Filter>
    </ClInclude>
    <ClInclude Include="..\..\go_boost\mvvm\property_changed_arguments.hpp">
      <Filter>go_boost\mvvm</Filter>
    </ClInclude>
    <ClInclude Include="..\..\go_boost\mvvm\observable_object.hpp">
      <Filter>go_boost\mvvm</Filter>
    </ClInclude>
    <ClInclude Include="..\..\go_boost\mvvm\object.hpp">
      <Filter>go_boost\mvvm</Filter>
    </ClInclude>
    <ClInclude Include="..\..\go_boost\mvvm\command.hpp">
      <Filter>go_boost\mvvm</Filter>
    </ClInclude>
    <ClInclude Include="..\..\go_boost\mvvm\command_parameters.hpp">
      <Filter>go_boost\mvvm</Filter>
    </ClInclude>
    <ClInclude Include="..\..\go_boost\mvvm\command_manager.hpp">
      <Filter>go_boost\mvvm</Filter>
    </ClInclude>
    <ClInclude Include="..\..\go_boost\mvvm\relay_command.hpp">
      <Filter>go_boost\mvvm</Filter>
    </ClInclude>
    <ClInclude Include="..\..\go_boost\mvvm\container_changed_arguments.hpp">
      <Filter>go_boost\mvvm</Filter>
    </ClInclude>
    <ClInclude Include="..\..\go_boost\mvvm\notify_container_changed.hpp">
      <Filter>go_boost\mvvm</Filter>
    </ClInclude>
    <ClInclude Include="..\..\go_boost\mvvm\notify_container_changed_action.hpp">
      <Filter>go_boost\mvvm</Filter>
    </ClInclude>
    <ClInclude Include="..\..\go_boost\signals\slot_arguments.hpp">
      <Filter>go_boost\signals</Filter>
    </ClInclude>
    <ClInclude Include="..\..\go_boost\signals\slot.hpp">
      <Filter>go_boost\signals</Filter>
    </ClInclude>
    <ClInclude Include="..\..\go_boost\mvvm\utility.hpp">
      <Filter>go_boost\mvvm</Filter>
    </ClInclude>
    <ClInclude Include="..\..\go_boost\mvvm\utility\phoenix_property_value_access_functor.hpp">
      <Filter>go_boost\mvvm\utility</Filter>
    </ClInclude>
    <ClInclude Include="..\..\go_boost\mvvm\utility\phoenix_property_get_relay_command_functor.hpp">
      <Filter>go_boost\mvvm\utility</Filter>
    </ClInclude>
    <ClInclude Include="..\..\go_boost\mvvm\utility\phoenix_property_set_value_notify_changed_functor.hpp">
      <Filter>go_boost\mvvm\utility</Filter>
    </ClInclude>
    <ClInclude Include="..\..\go_boost\signals.hpp">
      <Filter>go_boost</Filter>
    </ClInclude>
    <ClInclude Include="..\..\go_boost\mvvm\observable_array.hpp">
      <Filter>go_boost\mvvm</Filter>
    </ClInclude>
    <ClInclude Include="..\..\go_boost\mvvm\observable_container.hpp">
      <Filter>go_boost\mvvm</Filter>
    </ClInclude>
    <ClInclude Include="..\..\go_boost\mvvm\observable_sequence_container.hpp">
      <Filter>go_boost\mvvm</Filter>
    </ClInclude>
    <ClInclude Include="..\..\go_boost\mvvm\observable_vector.hpp">
      <Filter>go_boost\mvvm</Filter>
    </ClInclude>
    <ClInclude Include="..\..\go_boost\mvvm\observable_deque.hpp">
      <Filter>go_boost\mvvm</Filter>
    </ClInclude>
    <ClInclude Include="..\..\go_boost\mvvm\observable_list.hpp">
      <Filter>go_boost\mvvm</Filter>
    </ClInclude>
    <ClInclude Include="..\..\go_boost\mvvm\observable_forward_list.hpp">
      <Filter>go_boost\mvvm</Filter>
    </ClInclude>
    <ClInclude Include="..\..\go_boost\mvvm\observable_associative_container.hpp">
      <Filter>go_boost\mvvm</Filter>
    </ClInclude>
    <ClInclude Include="..\..\go_boost\mvvm\observable_map.hpp">
      <Filter>go_boost\mvvm</Filter>
    </ClInclude>
    <ClInclude Include="..\..\go_boost\mvvm\observable_multimap.hpp">
      <Filter>go_boost\mvvm</Filter>
    </ClInclude>
    <ClInclude Include="..\..\go_boost\mvvm\observable_multiset.hpp">
      <Filter>go_boost\mvvm</Filter>
    </ClInclude>
    <ClInclude Include="..\..\go_boost\mvvm\observable_ordered_associative_container.hpp">
      <Filter>go_boost\mvvm</Filter>
    </ClInclude>
    <ClInclude Include="..\..\go_boost\mvvm\observable_set.hpp">
      <Filter>go_boost\mvvm</Filter>
    </ClInclude>
    <ClInclude Include="..\..\go_boost\mvvm\observable_unordered_associative_container.hpp">
      <Filter>go_boost\mvvm</Filter>
    </ClInclude>
    <ClInclude Include="..\..\go_boost\mvvm\observable_unordered_map.hpp">
      <Filter>go_boost\mvvm</Filter>
    </ClInclude>
    <ClInclude Include="..\..\go_boost\mvvm\observable_unordered_multimap.hpp">
      <Filter>go_boost\mvvm</Filter>
    </ClInclude>
    <ClInclude Include="..\..\go_boost\mvvm\observable_unordered_multiset.hpp">
      <Filter>go_boost\mvvm</Filter>
    </ClInclude>
    <ClInclude Include="..\..\go_boost\mvvm\observable_unordered_set.hpp">
      <Filter>go_boost\mvvm</Filter>
    </ClInclude>
    <ClInclude Include="..\..\go_boost\mvvm\utility\mfc_dlgdata.hpp">
      <Filter>go_boost\mvvm\utility</Filter>
    </ClInclude>
  </ItemGroup>
</Project>