<?xml version="1.0" encoding="utf-8"?>
<Project ToolsVersion="4.0" xmlns="http://schemas.microsoft.com/developer/msbuild/2003">
  <ItemGroup>
    <Filter Include="go_boost">
      <Extensions>
      </Extensions>
    </Filter>
    <Filter Include="go_boost\config">
      <Extensions>
      </Extensions>
    </Filter>
    <Filter Include="go_boost\config\compiler">
      <UniqueIdentifier>{25f583ca-084c-4944-9905-0053d99ddcfb}</UniqueIdentifier>
    </Filter>
    <Filter Include="go_boost\config\platform">
      <UniqueIdentifier>{cadca868-31d3-483b-8a57-a83d529029b2}</UniqueIdentifier>
    </Filter>
  </ItemGroup>
  <ItemGroup>
    <ClInclude Include="..\..\go_boost\config.hpp">
      <Filter>go_boost</Filter>
    </ClInclude>
    <ClInclude Include="..\..\go_boost\config\select_compiler_config.hpp">
      <Filter>go_boost\config</Filter>
    </ClInclude>
    <ClInclude Include="..\..\go_boost\config\compiler\gcc.hpp">
      <Filter>go_boost\config\compiler</Filter>
    </ClInclude>
    <ClInclude Include="..\..\go_boost\config\compiler\visualc.hpp">
      <Filter>go_boost\config\compiler</Filter>
    </ClInclude>
    <ClInclude Include="..\..\go_boost\config\compiler\clang.hpp">
      <Filter>go_boost\config\compiler</Filter>
    </ClInclude>
    <ClInclude Include="..\..\go_boost\config\platform\linux.hpp">
      <Filter>go_boost\config\platform</Filter>
    </ClInclude>
    <ClInclude Include="..\..\go_boost\config\platform\windows.hpp">
      <Filter>go_boost\config\platform</Filter>
    </ClInclude>
    <ClInclude Include="..\..\go_boost\config\select_platform_config.hpp">
      <Filter>go_boost\config</Filter>
    </ClInclude>
  </ItemGroup>
  <ItemGroup>
    <ClCompile Include="..\enable_intellisence.cpp" />
  </ItemGroup>
</Project>