<?xml version="1.0" encoding="utf-8"?>
<Project ToolsVersion="4.0" xmlns="http://schemas.microsoft.com/developer/msbuild/2003">
  <ItemGroup>
    <Filter Include="go">
      <Extensions>
      </Extensions>
    </Filter>
    <Filter Include="go\config">
      <Extensions>
      </Extensions>
    </Filter>
    <Filter Include="go\config\compiler">
      <UniqueIdentifier>{25f583ca-084c-4944-9905-0053d99ddcfb}</UniqueIdentifier>
    </Filter>
  </ItemGroup>
  <ItemGroup>
    <ClInclude Include="..\..\go\config.hpp">
      <Filter>go</Filter>
    </ClInclude>
    <ClInclude Include="..\..\go\config\select_compiler_config.hpp">
      <Filter>go\config</Filter>
    </ClInclude>
    <ClInclude Include="..\..\go\config\compiler\gcc.hpp">
      <Filter>go\config\compiler</Filter>
    </ClInclude>
    <ClInclude Include="..\..\go\config\compiler\visualc.hpp">
      <Filter>go\config\compiler</Filter>
    </ClInclude>
  </ItemGroup>
</Project>