<?xml version="1.0" encoding="utf-8"?>
<Project ToolsVersion="4.0" xmlns="http://schemas.microsoft.com/developer/msbuild/2003">
  <ItemGroup>
    <Filter Include="go_boost">
      <UniqueIdentifier>{93995380-89BD-4b04-88EB-625FBE52EBFB}</UniqueIdentifier>
      <Extensions>
      </Extensions>
    </Filter>
    <Filter Include="go_boost\signals">
      <UniqueIdentifier>{4FC737F1-C7A5-4376-A066-2A32D752A2FF}</UniqueIdentifier>
      <Extensions>
      </Extensions>
    </Filter>
  </ItemGroup>
  <ItemGroup>
    <ClInclude Include="..\..\go_boost\signals.hpp">
      <Filter>go_boost</Filter>
    </ClInclude>
    <ClInclude Include="..\..\go_boost\signals\slot.hpp">
      <Filter>go_boost\signals</Filter>
    </ClInclude>
    <ClInclude Include="..\..\go_boost\signals\slot_arguments.hpp">
      <Filter>go_boost\signals</Filter>
    </ClInclude>
  </ItemGroup>
</Project>