<?xml version="1.0" encoding="utf-8"?>
<Project ToolsVersion="4.0" xmlns="http://schemas.microsoft.com/developer/msbuild/2003">
  <ItemGroup>
    <Filter Include="MFC Application Code">
      <UniqueIdentifier>{eb538bcd-a088-4503-8859-2fa2cf4e0514}</UniqueIdentifier>
    </Filter>
    <Filter Include="MFC Application Code\Header Files">
      <UniqueIdentifier>{93995380-89BD-4b04-88EB-625FBE52EBFB}</UniqueIdentifier>
      <Extensions>h;hh;hpp;hxx;hm;inl;inc;xsd</Extensions>
    </Filter>
    <Filter Include="MFC Application Code\Resource Files">
      <UniqueIdentifier>{67DA6AB6-F800-4c08-8B7A-83BB121AAD01}</UniqueIdentifier>
      <Extensions>rc;ico;cur;bmp;dlg;rc2;rct;bin;rgs;gif;jpg;jpeg;jpe;resx;tiff;tif;png;wav;mfcribbon-ms</Extensions>
    </Filter>
    <Filter Include="MFC Application Code\Source Files">
      <UniqueIdentifier>{4FC737F1-C7A5-4376-A066-2A32D752A2FF}</UniqueIdentifier>
      <Extensions>cpp;c;cc;cxx;def;odl;idl;hpj;bat;asm;asmx</Extensions>
    </Filter>
    <Filter Include="MVVM Example">
      <UniqueIdentifier>{42dc5d18-b9ca-4db3-8eea-b520f0c4570c}</UniqueIdentifier>
    </Filter>
    <Filter Include="MVVM Example\Model">
      <UniqueIdentifier>{15cf1785-9691-4955-880d-9c66a27da4ff}</UniqueIdentifier>
    </Filter>
    <Filter Include="MVVM Example\View">
      <UniqueIdentifier>{a52eaee7-cecd-45d3-bbbb-fd0f8d7a2858}</UniqueIdentifier>
    </Filter>
    <Filter Include="MVVM Example\View Model">
      <UniqueIdentifier>{cded63f9-dc08-41ea-8b68-cdb1154fa6fa}</UniqueIdentifier>
    </Filter>
  </ItemGroup>
  <ItemGroup>
    <ClInclude Include="..\..\libs\mvvm\mvvm_mfc_example_1\mvvm_example_1.h">
      <Filter>MFC Application Code\Header Files</Filter>
    </ClInclude>
    <ClInclude Include="..\..\libs\mvvm\mvvm_mfc_example_1\stdafx.h">
      <Filter>MFC Application Code\Header Files</Filter>
    </ClInclude>
    <ClInclude Include="..\..\libs\mvvm\mvvm_mfc_example_1\targetver.h">
      <Filter>MFC Application Code\Header Files</Filter>
    </ClInclude>
    <ClInclude Include="..\..\libs\mvvm\mvvm_mfc_example_1\Resource.h">
      <Filter>MFC Application Code\Header Files</Filter>
    </ClInclude>
    <ClInclude Include="..\..\libs\mvvm\mvvm_mfc_example_1\product_model.hpp">
      <Filter>MVVM Example\Model</Filter>
    </ClInclude>
    <ClInclude Include="..\..\libs\mvvm\mvvm_mfc_example_1\product_repository.hpp">
      <Filter>MVVM Example\Model</Filter>
    </ClInclude>
    <ClInclude Include="..\..\libs\mvvm\mvvm_mfc_example_1\product_repository_interface.hpp">
      <Filter>MVVM Example\Model</Filter>
    </ClInclude>
    <ClInclude Include="..\..\libs\mvvm\mvvm_mfc_example_1\product_view.hpp">
      <Filter>MVVM Example\View</Filter>
    </ClInclude>
    <ClInclude Include="..\..\libs\mvvm\mvvm_mfc_example_1\product_view_model.hpp">
      <Filter>MVVM Example\View Model</Filter>
    </ClInclude>
  </ItemGroup>
  <ItemGroup>
    <ClCompile Include="..\..\libs\mvvm\mvvm_mfc_example_1\mvvm_example_1.cpp">
      <Filter>MFC Application Code\Source Files</Filter>
    </ClCompile>
    <ClCompile Include="..\..\libs\mvvm\mvvm_mfc_example_1\stdafx.cpp">
      <Filter>MFC Application Code\Source Files</Filter>
    </ClCompile>
    <ClCompile Include="..\..\libs\mvvm\mvvm_mfc_example_1\product_model.cpp">
      <Filter>MVVM Example\Model</Filter>
    </ClCompile>
    <ClCompile Include="..\..\libs\mvvm\mvvm_mfc_example_1\product_repository.cpp">
      <Filter>MVVM Example\Model</Filter>
    </ClCompile>
    <ClCompile Include="..\..\libs\mvvm\mvvm_mfc_example_1\product_view.cpp">
      <Filter>MVVM Example\View</Filter>
    </ClCompile>
    <ClCompile Include="..\..\libs\mvvm\mvvm_mfc_example_1\product_view_model.cpp">
      <Filter>MVVM Example\View Model</Filter>
    </ClCompile>
  </ItemGroup>
  <ItemGroup>
    <ResourceCompile Include="..\..\libs\mvvm\mvvm_mfc_example_1\mvvm_example_1.rc">
      <Filter>MFC Application Code\Resource Files</Filter>
    </ResourceCompile>
  </ItemGroup>
  <ItemGroup>
    <None Include="..\..\libs\mvvm\mvvm_mfc_example_1\res\mvvm_example_1.rc2">
      <Filter>MFC Application Code\Resource Files</Filter>
    </None>
  </ItemGroup>
  <ItemGroup>
    <Image Include="..\..\libs\mvvm\mvvm_mfc_example_1\res\mvvm_example_1.ico">
      <Filter>MFC Application Code\Resource Files</Filter>
    </Image>
  </ItemGroup>
  <ItemGroup>
    <Text Include="..\..\libs\mvvm\mvvm_mfc_example_1\ReadMe.txt">
      <Filter>MFC Application Code</Filter>
    </Text>
  </ItemGroup>
</Project>