<?xml version="1.0" encoding="utf-8"?>
<Project ToolsVersion="4.0" xmlns="http://schemas.microsoft.com/developer/msbuild/2003">
  <ItemGroup>
    <Filter Include="go">
      <UniqueIdentifier>{93995380-89BD-4b04-88EB-625FBE52EBFB}</UniqueIdentifier>
      <Extensions>
      </Extensions>
    </Filter>
    <Filter Include="go\mvvm">
      <UniqueIdentifier>{4FC737F1-C7A5-4376-A066-2A32D752A2FF}</UniqueIdentifier>
      <Extensions>
      </Extensions>
    </Filter>
    <Filter Include="go\mvvm\utility">
      <UniqueIdentifier>{23f8254f-e6d2-4505-bbc4-534d92300771}</UniqueIdentifier>
    </Filter>
  </ItemGroup>
  <ItemGroup>
    <ClInclude Include="..\..\go\mvvm.hpp">
      <Filter>go</Filter>
    </ClInclude>
    <ClInclude Include="..\..\go\mvvm\notify_property_changed.hpp">
      <Filter>go\mvvm</Filter>
    </ClInclude>
    <ClInclude Include="..\..\go\mvvm\property_changed_arguments.hpp">
      <Filter>go\mvvm</Filter>
    </ClInclude>
    <ClInclude Include="..\..\go\mvvm\observable_object.hpp">
      <Filter>go\mvvm</Filter>
    </ClInclude>
    <ClInclude Include="..\..\go\mvvm\object.hpp">
      <Filter>go\mvvm</Filter>
    </ClInclude>
    <ClInclude Include="..\..\go\mvvm\command.hpp">
      <Filter>go\mvvm</Filter>
    </ClInclude>
    <ClInclude Include="..\..\go\mvvm\command_parameters.hpp">
      <Filter>go\mvvm</Filter>
    </ClInclude>
    <ClInclude Include="..\..\go\mvvm\command_manager.hpp">
      <Filter>go\mvvm</Filter>
    </ClInclude>
    <ClInclude Include="..\..\go\mvvm\relay_command.hpp">
      <Filter>go\mvvm</Filter>
    </ClInclude>
    <ClInclude Include="..\..\go\mvvm\container_changed_arguments.hpp">
      <Filter>go\mvvm</Filter>
    </ClInclude>
    <ClInclude Include="..\..\go\mvvm\notify_container_changed.hpp">
      <Filter>go\mvvm</Filter>
    </ClInclude>
    <ClInclude Include="..\..\go\mvvm\notify_container_changed_action.hpp">
      <Filter>go\mvvm</Filter>
    </ClInclude>
    <ClInclude Include="..\..\go\mvvm\observable_container.hpp">
      <Filter>go\mvvm</Filter>
    </ClInclude>
    <ClInclude Include="..\..\go\mvvm\observable_sequence_container.hpp">
      <Filter>go\mvvm</Filter>
    </ClInclude>
    <ClInclude Include="..\..\go\mvvm\observable_array.hpp">
      <Filter>go\mvvm</Filter>
    </ClInclude>
    <ClInclude Include="..\..\go\mvvm\observable_vector.hpp">
      <Filter>go\mvvm</Filter>
    </ClInclude>
    <ClInclude Include="..\..\go\mvvm\observable_deque.hpp">
      <Filter>go\mvvm</Filter>
    </ClInclude>
    <ClInclude Include="..\..\go\mvvm\observable_list.hpp">
      <Filter>go\mvvm</Filter>
    </ClInclude>
    <ClInclude Include="..\..\go\mvvm\observable_forward_list.hpp">
      <Filter>go\mvvm</Filter>
    </ClInclude>
    <ClInclude Include="..\..\go\mvvm\observable_associative_container.hpp">
      <Filter>go\mvvm</Filter>
    </ClInclude>
    <ClInclude Include="..\..\go\mvvm\observable_ordered_associative_container.hpp">
      <Filter>go\mvvm</Filter>
    </ClInclude>
    <ClInclude Include="..\..\go\mvvm\observable_unordered_associative_container.hpp">
      <Filter>go\mvvm</Filter>
    </ClInclude>
    <ClInclude Include="..\..\go\mvvm\observable_set.hpp">
      <Filter>go\mvvm</Filter>
    </ClInclude>
    <ClInclude Include="..\..\go\mvvm\observable_map.hpp">
      <Filter>go\mvvm</Filter>
    </ClInclude>
    <ClInclude Include="..\..\go\mvvm\observable_multiset.hpp">
      <Filter>go\mvvm</Filter>
    </ClInclude>
    <ClInclude Include="..\..\go\mvvm\observable_multimap.hpp">
      <Filter>go\mvvm</Filter>
    </ClInclude>
    <ClInclude Include="..\..\go\mvvm\observable_unordered_map.hpp">
      <Filter>go\mvvm</Filter>
    </ClInclude>
    <ClInclude Include="..\..\go\mvvm\observable_unordered_multimap.hpp">
      <Filter>go\mvvm</Filter>
    </ClInclude>
    <ClInclude Include="..\..\go\mvvm\observable_unordered_multiset.hpp">
      <Filter>go\mvvm</Filter>
    </ClInclude>
    <ClInclude Include="..\..\go\mvvm\observable_unordered_set.hpp">
      <Filter>go\mvvm</Filter>
    </ClInclude>
    <ClInclude Include="..\..\go\mvvm\utility\mfc_dlgdata.hpp">
      <Filter>go\mvvm\utility</Filter>
    </ClInclude>
  </ItemGroup>
</Project>